PODS:
  - SwiftFormat/CLI (0.44.7)
  - SwiftLint (0.39.2)
  - SwiftVer (2.0.6)

DEPENDENCIES:
  - SwiftFormat/CLI
  - SwiftLint
  - SwiftVer

SPEC REPOS:
  trunk:
    - SwiftFormat
    - SwiftLint
    - SwiftVer

SPEC CHECKSUMS:
  SwiftFormat: fd97e27b8de5a46c9d1988bf1db1dc92e79f86a3
  SwiftLint: 22ccbbe3b8008684be5955693bab135e0ed6a447
  SwiftVer: bf87a159a5e363059f350f4cc98910ce43184b26

PODFILE CHECKSUM: 432b032d04411cede9e0269a79b2d07c89f85f01

COCOAPODS: 1.8.4
