PODS:
  - SwiftSVG (1.1.5)

DEPENDENCIES:
  - SwiftSVG (from `https://github.com/brightdigit/SwiftSVG.git`)

EXTERNAL SOURCES:
  SwiftSVG:
    :git: https://github.com/brightdigit/SwiftSVG.git

CHECKOUT OPTIONS:
  SwiftSVG:
    :commit: b1de2883abbab6c2970d5538820344758984030f
    :git: https://github.com/brightdigit/SwiftSVG.git

SPEC CHECKSUMS:
  SwiftSVG: 79d3c15af0899d05bffc927e902e0d0738326511

PODFILE CHECKSUM: e21e45cfa824429f9bba861389d1947e453b6ff8

COCOAPODS: 1.1.0.rc.2
