PODS:
  - RandomKit (5.2.3):
    - ShiftOperations (~> 1.0.2)
    - Threadly (~> 1.0)
  - ShiftOperations (1.0.2)
  - SwiftFormat/CLI (0.33.11)
  - SwiftLint (0.26.0)
  - SwiftVer (2.0.4)
  - Threadly (1.2.0)

DEPENDENCIES:
  - RandomKit (~> 5.2.3)
  - SwiftFormat/CLI
  - SwiftLint
  - SwiftVer

SPEC REPOS:
  https://github.com/cocoapods/specs.git:
    - RandomKit
    - ShiftOperations
    - SwiftFormat
    - SwiftLint
    - SwiftVer
    - Threadly

SPEC CHECKSUMS:
  RandomKit: 380745911c4f7989707489b2ce297194bfcf5031
  ShiftOperations: 702c9aa98d3b20d98dceb71dd8437b562f7ab3ad
  SwiftFormat: fa1b577bb4f0cd4f8cfe70d07945aa894ef5f97a
  SwiftLint: f6b83e8d95ee1e91e11932d843af4fdcbf3fc764
  SwiftVer: 85fca0c0087660e0b07fe021efdd4b794046e465
  Threadly: b772ed7c1ff4a3f03eb4600bbc5ef83b3be5cb29

PODFILE CHECKSUM: 2f47a4ea7df13fb6f6479616c920a18b685187d2

COCOAPODS: 1.5.3
