PODS:
  - RandomKit (5.2.3):
    - ShiftOperations (~> 1.0.2)
    - Threadly (~> 1.0)
  - ShiftOperations (1.0.2)
  - SwiftVer (2.0.3)
  - Threadly (1.2.0)

DEPENDENCIES:
  - RandomKit (~> 5.2.3)
  - SwiftVer (~> 2.0)

SPEC CHECKSUMS:
  RandomKit: 380745911c4f7989707489b2ce297194bfcf5031
  ShiftOperations: 702c9aa98d3b20d98dceb71dd8437b562f7ab3ad
  SwiftVer: 881cecd16a6bdb4e36a01d1f621802c9683dcf29
  Threadly: b772ed7c1ff4a3f03eb4600bbc5ef83b3be5cb29

PODFILE CHECKSUM: f012d0dd21cf3c6f3a94fda11bc02e4e850c942d

COCOAPODS: 1.3.1
