// !$*UTF8*$!
{
	archiveVersion = 1;
	classes = {
	};
	objectVersion = 46;
	objects = {

/* Begin PBXAggregateTarget section */
		B3F9253B1F7E793A00FFD4B8 /* SpecCarioInterop-Flags */ = {
			isa = PBXAggregateTarget;
			buildConfigurationList = B3F9253E1F7E793A00FFD4B8 /* Build configuration list for PBXAggregateTarget "SpecCarioInterop-Flags" */;
			buildPhases = (
				B3F9253F1F7E793F00FFD4B8 /* ShellScript */,
			);
			dependencies = (
			);
			name = "SpecCarioInterop-Flags";
			productName = "SpecCarioInterop-Flags";
		};
/* End PBXAggregateTarget section */

/* Begin PBXBuildFile section */
		3A1ABCFA753C493935FD8F95 /* Pods_Speculid_App_Speculid.framework in Frameworks */ = {isa = PBXBuildFile; fileRef = DA8C8B36DBAD28741A274EDD /* Pods_Speculid_App_Speculid.framework */; };
		90A44E85D7852C743AC3ED1B /* Pods_SpeculidTests.framework in Frameworks */ = {isa = PBXBuildFile; fileRef = 386203CFE7D8B9BA4D80ADA4 /* Pods_SpeculidTests.framework */; };
		B30005C01DB518B2000A8166 /* ApplicationPathDataSource.swift in Sources */ = {isa = PBXBuildFile; fileRef = B30005BF1DB518B2000A8166 /* ApplicationPathDataSource.swift */; };
		B30005C31DB52F84000A8166 /* DefaultApplicationPathDataSource.swift in Sources */ = {isa = PBXBuildFile; fileRef = B30005C21DB52F84000A8166 /* DefaultApplicationPathDataSource.swift */; };
		B30005C51DB52FCD000A8166 /* ConfiguredApplicationPathDataSource.swift in Sources */ = {isa = PBXBuildFile; fileRef = B30005C41DB52FCD000A8166 /* ConfiguredApplicationPathDataSource.swift */; };
		B310EE401D94BF6D00C4A30E /* Speculid.framework in Frameworks */ = {isa = PBXBuildFile; fileRef = B310EE361D94BF6D00C4A30E /* Speculid.framework */; };
		B310EE451D94BF6D00C4A30E /* SpeculidTests.swift in Sources */ = {isa = PBXBuildFile; fileRef = B310EE441D94BF6D00C4A30E /* SpeculidTests.swift */; };
		B310EE471D94BF6D00C4A30E /* Speculid.h in Headers */ = {isa = PBXBuildFile; fileRef = B310EE391D94BF6D00C4A30E /* Speculid.h */; settings = {ATTRIBUTES = (Public, ); }; };
		B31E04D21F7D39F10087889E /* SpecCarioInterop.h in Headers */ = {isa = PBXBuildFile; fileRef = B31E04D11F7D39F10087889E /* SpecCarioInterop.h */; };
		B31E04D41F7D39F10087889E /* SpecCarioInterop.m in Sources */ = {isa = PBXBuildFile; fileRef = B31E04D31F7D39F10087889E /* SpecCarioInterop.m */; };
		B31E04DA1F7D3A130087889E /* RSVG.h in Headers */ = {isa = PBXBuildFile; fileRef = B31E04D81F7D3A130087889E /* RSVG.h */; };
		B31E04DB1F7D3A130087889E /* RSVG.m in Sources */ = {isa = PBXBuildFile; fileRef = B31E04D91F7D3A130087889E /* RSVG.m */; };
		B31E04DE1F7D3C540087889E /* libSpecCarioInterop.dylib in Frameworks */ = {isa = PBXBuildFile; fileRef = B31E04CF1F7D39F10087889E /* libSpecCarioInterop.dylib */; };
		B32AD7C41D98112100B871CE /* SpeculidSpecifications.swift in Sources */ = {isa = PBXBuildFile; fileRef = B32AD7C31D98112100B871CE /* SpeculidSpecifications.swift */; };
		B32AD7C61D982E8D00B871CE /* ProcessImageConversionTask.swift in Sources */ = {isa = PBXBuildFile; fileRef = B32AD7C51D982E8D00B871CE /* ProcessImageConversionTask.swift */; };
		B32AD7C81D982E9F00B871CE /* ImageConversionBuilder.swift in Sources */ = {isa = PBXBuildFile; fileRef = B32AD7C71D982E9F00B871CE /* ImageConversionBuilder.swift */; };
		B32AD7CA1D982F7F00B871CE /* ImageConversionBuilderProtocol.swift in Sources */ = {isa = PBXBuildFile; fileRef = B32AD7C91D982F7F00B871CE /* ImageConversionBuilderProtocol.swift */; };
		B32AD7CC1D98307200B871CE /* ImageConversionTaskProtocol.swift in Sources */ = {isa = PBXBuildFile; fileRef = B32AD7CB1D98307200B871CE /* ImageConversionTaskProtocol.swift */; };
		B32AD7CE1D98453E00B871CE /* SpeculidConfiguration.swift in Sources */ = {isa = PBXBuildFile; fileRef = B32AD7CD1D98453E00B871CE /* SpeculidConfiguration.swift */; };
		B3314EFB1F7D7A2F0084AB6D /* String.swift in Sources */ = {isa = PBXBuildFile; fileRef = B34201681D9975DC004C49D6 /* String.swift */; };
		B33C70371DA6E72D002BC291 /* help.txt in Resources */ = {isa = PBXBuildFile; fileRef = B33C70361DA6E72D002BC291 /* help.txt */; };
		B33D98221DB5A28200CB21C3 /* AnalyticsTrackerProtocol.swift in Sources */ = {isa = PBXBuildFile; fileRef = B33D98211DB5A28200CB21C3 /* AnalyticsTrackerProtocol.swift */; };
		B33D98241DB5A74A00CB21C3 /* AnalyticsTracker.swift in Sources */ = {isa = PBXBuildFile; fileRef = B33D98231DB5A74A00CB21C3 /* AnalyticsTracker.swift */; };
		B33D98261DB5AEBE00CB21C3 /* AnalyticsConfigurationProtocol.swift in Sources */ = {isa = PBXBuildFile; fileRef = B33D98251DB5AEBE00CB21C3 /* AnalyticsConfigurationProtocol.swift */; };
		B33D98281DB5AED400CB21C3 /* AnalyticsSessionManagerProtocol.swift in Sources */ = {isa = PBXBuildFile; fileRef = B33D98271DB5AED400CB21C3 /* AnalyticsSessionManagerProtocol.swift */; };
		B33D982A1DB5B0A700CB21C3 /* AnalyticsConfiguration.swift in Sources */ = {isa = PBXBuildFile; fileRef = B33D98291DB5B0A700CB21C3 /* AnalyticsConfiguration.swift */; };
		B33D982C1DB5B17300CB21C3 /* AnalyticsSessionManager.swift in Sources */ = {isa = PBXBuildFile; fileRef = B33D982B1DB5B17300CB21C3 /* AnalyticsSessionManager.swift */; };
		B342016B1D997602004C49D6 /* CGFloat.swift in Sources */ = {isa = PBXBuildFile; fileRef = B342016A1D997602004C49D6 /* CGFloat.swift */; };
		B34201CA1D99A379004C49D6 /* SpeculidDocumentProtocol.swift in Sources */ = {isa = PBXBuildFile; fileRef = B34201C91D99A379004C49D6 /* SpeculidDocumentProtocol.swift */; };
		B34201CC1D99A3BD004C49D6 /* SpeculidSpecificationsProtocol.swift in Sources */ = {isa = PBXBuildFile; fileRef = B34201CB1D99A3BD004C49D6 /* SpeculidSpecificationsProtocol.swift */; };
		B34201CE1D99A3F5004C49D6 /* ImageSpecificationProtocol.swift in Sources */ = {isa = PBXBuildFile; fileRef = B34201CD1D99A3F5004C49D6 /* ImageSpecificationProtocol.swift */; };
		B34201D01D99A5CD004C49D6 /* ImageIdiom.swift in Sources */ = {isa = PBXBuildFile; fileRef = B34201CF1D99A5CD004C49D6 /* ImageIdiom.swift */; };
		B34201D21D99A5EA004C49D6 /* ProcessError.swift in Sources */ = {isa = PBXBuildFile; fileRef = B34201D11D99A5EA004C49D6 /* ProcessError.swift */; };
		B34388771DB0061C003CB3BC /* SpeculidApplicationProtocol.swift in Sources */ = {isa = PBXBuildFile; fileRef = B34388761DB0061C003CB3BC /* SpeculidApplicationProtocol.swift */; };
		B34388791DB006BE003CB3BC /* SpeculidArgumentsProtocol.swift in Sources */ = {isa = PBXBuildFile; fileRef = B34388781DB006BE003CB3BC /* SpeculidArgumentsProtocol.swift */; };
		B343887B1DB035C3003CB3BC /* SpeculidApplication.swift in Sources */ = {isa = PBXBuildFile; fileRef = B343887A1DB035C3003CB3BC /* SpeculidApplication.swift */; };
		B34507841D9E9FD900C80225 /* VCS.swift in Sources */ = {isa = PBXBuildFile; fileRef = B34507831D9E9FD900C80225 /* VCS.swift */; };
		B346F7071DB7A35000CA74C0 /* ApplicationPathDataSourceTest.swift in Sources */ = {isa = PBXBuildFile; fileRef = B346F7061DB7A35000CA74C0 /* ApplicationPathDataSourceTest.swift */; };
		B351B8161F7FB0BB00D02F78 /* CollectionConversionBuilder.swift in Sources */ = {isa = PBXBuildFile; fileRef = B38751C81F7FADAB00032196 /* CollectionConversionBuilder.swift */; };
		B362A4241D9BFCCB00FF74FC /* Geometry.swift in Sources */ = {isa = PBXBuildFile; fileRef = B362A4231D9BFCCB00FF74FC /* Geometry.swift */; };
		B362A4261D9C0B4000FF74FC /* ScaledGeometry.swift in Sources */ = {isa = PBXBuildFile; fileRef = B362A4251D9C0B4000FF74FC /* ScaledGeometry.swift */; };
		B362A4281D9C0B4C00FF74FC /* GeometryProtocol.swift in Sources */ = {isa = PBXBuildFile; fileRef = B362A4271D9C0B4C00FF74FC /* GeometryProtocol.swift */; };
		B36AD1B81DB6C19D00D33AD7 /* AnalyticsParameterKey.swift in Sources */ = {isa = PBXBuildFile; fileRef = B36AD1B71DB6C19D00D33AD7 /* AnalyticsParameterKey.swift */; };
		B36AD1BA1DB6C1B400D33AD7 /* AnalyticsParameterDictionary.swift in Sources */ = {isa = PBXBuildFile; fileRef = B36AD1B91DB6C1B400D33AD7 /* AnalyticsParameterDictionary.swift */; };
		B36AD1BC1DB6C1E100D33AD7 /* AnalyticsEventProtocol.swift in Sources */ = {isa = PBXBuildFile; fileRef = B36AD1BB1DB6C1E100D33AD7 /* AnalyticsEventProtocol.swift */; };
		B36AD1BE1DB6C20900D33AD7 /* GeometryValue.swift in Sources */ = {isa = PBXBuildFile; fileRef = B36AD1BD1DB6C20900D33AD7 /* GeometryValue.swift */; };
		B36AD1C01DB6C24600D33AD7 /* ConversionResult.swift in Sources */ = {isa = PBXBuildFile; fileRef = B36AD1BF1DB6C24600D33AD7 /* ConversionResult.swift */; };
		B36AD1C21DB6C3AB00D33AD7 /* ApplicationPathDictionary.swift in Sources */ = {isa = PBXBuildFile; fileRef = B36AD1C11DB6C3AB00D33AD7 /* ApplicationPathDictionary.swift */; };
		B36AD1C41DB6C3C100D33AD7 /* ApplicationPath.swift in Sources */ = {isa = PBXBuildFile; fileRef = B36AD1C31DB6C3C100D33AD7 /* ApplicationPath.swift */; };
		B370914C1DFB020E007DD54C /* versions.plist in Resources */ = {isa = PBXBuildFile; fileRef = B370914B1DFB020E007DD54C /* versions.plist */; };
		B37996B91DB7E36C00B8CA3B /* SearchApplicationPathDataSource.swift in Sources */ = {isa = PBXBuildFile; fileRef = B37996B81DB7E36C00B8CA3B /* SearchApplicationPathDataSource.swift */; };
		B38086001D9AA76E000BC05A /* Assets.xcassets in Resources */ = {isa = PBXBuildFile; fileRef = B38085FF1D9AA76E000BC05A /* Assets.xcassets */; };
		B38086091D9AA78E000BC05A /* main.swift in Sources */ = {isa = PBXBuildFile; fileRef = B38086081D9AA78E000BC05A /* main.swift */; };
		B380860A1D9AA7B2000BC05A /* Speculid.framework in Frameworks */ = {isa = PBXBuildFile; fileRef = B310EE361D94BF6D00C4A30E /* Speculid.framework */; };
		B380860B1D9AA7B2000BC05A /* Speculid.framework in Embed Frameworks */ = {isa = PBXBuildFile; fileRef = B310EE361D94BF6D00C4A30E /* Speculid.framework */; settings = {ATTRIBUTES = (CodeSignOnCopy, RemoveHeadersOnCopy, ); }; };
		B385F34A1F7DB7D200AC6B85 /* versions.plist in Resources */ = {isa = PBXBuildFile; fileRef = B385F3491F7DB7D200AC6B85 /* versions.plist */; };
		B38751C31F7FAB7700032196 /* ImageConversionSetBuilderProtocol.swift in Sources */ = {isa = PBXBuildFile; fileRef = B38751C21F7FAB7700032196 /* ImageConversionSetBuilderProtocol.swift */; };
		B38751C51F7FAB9400032196 /* ImageConversionSetProtocol.swift in Sources */ = {isa = PBXBuildFile; fileRef = B38751C41F7FAB9400032196 /* ImageConversionSetProtocol.swift */; };
		B38751C71F7FAC2C00032196 /* ImageConversionSetBuilder.swift in Sources */ = {isa = PBXBuildFile; fileRef = B38751C61F7FAC2C00032196 /* ImageConversionSetBuilder.swift */; };
		B3880DE41E0AB5180093117D /* NSColor.swift in Sources */ = {isa = PBXBuildFile; fileRef = B3880DE31E0AB5180093117D /* NSColor.swift */; };
		B38F734D1DA2A928008469FE /* Speculid.swift in Sources */ = {isa = PBXBuildFile; fileRef = B38F734C1DA2A928008469FE /* Speculid.swift */; };
		B3951DA11DA4319B00A6FCF2 /* ProcessProtocol.swift in Sources */ = {isa = PBXBuildFile; fileRef = B3951DA01DA4319B00A6FCF2 /* ProcessProtocol.swift */; };
		B3951DA41DA4334A00A6FCF2 /* ProcessImageConversionTaskTests.swift in Sources */ = {isa = PBXBuildFile; fileRef = B3951DA31DA4334A00A6FCF2 /* ProcessImageConversionTaskTests.swift */; };
		B3951DA61DA4395600A6FCF2 /* ImageConversionBuilderTests.swift in Sources */ = {isa = PBXBuildFile; fileRef = B3951DA51DA4395600A6FCF2 /* ImageConversionBuilderTests.swift */; };
		B3B746FE1D974C4A0044809F /* SpeculidDocument.swift in Sources */ = {isa = PBXBuildFile; fileRef = B3B746FD1D974C4A0044809F /* SpeculidDocument.swift */; };
		B3B747001D9751080044809F /* ImageSpecification.swift in Sources */ = {isa = PBXBuildFile; fileRef = B3B746FF1D9751080044809F /* ImageSpecification.swift */; };
		B3DC29A41D9AAC4E00646E86 /* ArrayError.swift in Sources */ = {isa = PBXBuildFile; fileRef = B3DC29A31D9AAC4E00646E86 /* ArrayError.swift */; };
		B3DC29A81D9AAE1D00646E86 /* MissingRequiredInstallationError.swift in Sources */ = {isa = PBXBuildFile; fileRef = B3DC29A71D9AAE1D00646E86 /* MissingRequiredInstallationError.swift */; };
		B3EDA6601D985ACA00F4E77F /* SpeculidConfigurationProtocol.swift in Sources */ = {isa = PBXBuildFile; fileRef = B3EDA65F1D985ACA00F4E77F /* SpeculidConfigurationProtocol.swift */; };
		B3EDA6621D98A13F00F4E77F /* SpeculidBuilder.swift in Sources */ = {isa = PBXBuildFile; fileRef = B3EDA6611D98A13F00F4E77F /* SpeculidBuilder.swift */; };
		B3EDA6641D98A16A00F4E77F /* SpeculidBuilderProtocol.swift in Sources */ = {isa = PBXBuildFile; fileRef = B3EDA6631D98A16A00F4E77F /* SpeculidBuilderProtocol.swift */; };
		B3EE812D1DB6624A00F0D9A7 /* ClientIdentifierDelegate.swift in Sources */ = {isa = PBXBuildFile; fileRef = B3EE812C1DB6624A00F0D9A7 /* ClientIdentifierDelegate.swift */; };
		B3EE812F1DB6626900F0D9A7 /* ClientIdentifier.swift in Sources */ = {isa = PBXBuildFile; fileRef = B3EE812E1DB6626900F0D9A7 /* ClientIdentifier.swift */; };
		FA2CD792E10A6102D66AEB00 /* Pods_Speculid_App.framework in Frameworks */ = {isa = PBXBuildFile; fileRef = 769F32ABB131CDEE204D90AC /* Pods_Speculid_App.framework */; };
/* End PBXBuildFile section */

/* Begin PBXContainerItemProxy section */
		B310EE411D94BF6D00C4A30E /* PBXContainerItemProxy */ = {
			isa = PBXContainerItemProxy;
			containerPortal = B310EE2B1D94BF5000C4A30E /* Project object */;
			proxyType = 1;
			remoteGlobalIDString = B310EE351D94BF6D00C4A30E;
			remoteInfo = Speculid;
		};
		B380860C1D9AA7B2000BC05A /* PBXContainerItemProxy */ = {
			isa = PBXContainerItemProxy;
			containerPortal = B310EE2B1D94BF5000C4A30E /* Project object */;
			proxyType = 1;
			remoteGlobalIDString = B310EE351D94BF6D00C4A30E;
			remoteInfo = Speculid;
		};
		B38F734E1DA2AA2B008469FE /* PBXContainerItemProxy */ = {
			isa = PBXContainerItemProxy;
			containerPortal = B310EE2B1D94BF5000C4A30E /* Project object */;
			proxyType = 1;
			remoteGlobalIDString = B38085F81D9AA76E000BC05A;
			remoteInfo = "Speculid-App";
		};
		B3F925401F7E79BC00FFD4B8 /* PBXContainerItemProxy */ = {
			isa = PBXContainerItemProxy;
			containerPortal = B310EE2B1D94BF5000C4A30E /* Project object */;
			proxyType = 1;
			remoteGlobalIDString = B3F9253B1F7E793A00FFD4B8;
			remoteInfo = "SpecCarioInterop-Flags";
		};
/* End PBXContainerItemProxy section */

/* Begin PBXCopyFilesBuildPhase section */
		B380860E1D9AA7B2000BC05A /* Embed Frameworks */ = {
			isa = PBXCopyFilesBuildPhase;
			buildActionMask = 2147483647;
			dstPath = "";
			dstSubfolderSpec = 10;
			files = (
				B380860B1D9AA7B2000BC05A /* Speculid.framework in Embed Frameworks */,
			);
			name = "Embed Frameworks";
			runOnlyForDeploymentPostprocessing = 0;
		};
/* End PBXCopyFilesBuildPhase section */

/* Begin PBXFileReference section */
		16C110D021B16DF74774248F /* Pods-Speculid-App-Speculid.release.xcconfig */ = {isa = PBXFileReference; includeInIndex = 1; lastKnownFileType = text.xcconfig; name = "Pods-Speculid-App-Speculid.release.xcconfig"; path = "Pods/Target Support Files/Pods-Speculid-App-Speculid/Pods-Speculid-App-Speculid.release.xcconfig"; sourceTree = "<group>"; };
		1F3FED6FBB20B152C826989D /* Pods-Speculid-App-Speculid.debug.xcconfig */ = {isa = PBXFileReference; includeInIndex = 1; lastKnownFileType = text.xcconfig; name = "Pods-Speculid-App-Speculid.debug.xcconfig"; path = "Pods/Target Support Files/Pods-Speculid-App-Speculid/Pods-Speculid-App-Speculid.debug.xcconfig"; sourceTree = "<group>"; };
		2DB7226F66B034963BD7F05D /* Pods-SpeculidTests.debug.xcconfig */ = {isa = PBXFileReference; includeInIndex = 1; lastKnownFileType = text.xcconfig; name = "Pods-SpeculidTests.debug.xcconfig"; path = "Pods/Target Support Files/Pods-SpeculidTests/Pods-SpeculidTests.debug.xcconfig"; sourceTree = "<group>"; };
		386203CFE7D8B9BA4D80ADA4 /* Pods_SpeculidTests.framework */ = {isa = PBXFileReference; explicitFileType = wrapper.framework; includeInIndex = 0; path = Pods_SpeculidTests.framework; sourceTree = BUILT_PRODUCTS_DIR; };
		3B8747C1F338E0ADE9DFD69B /* Pods-SpeculidTests.release.xcconfig */ = {isa = PBXFileReference; includeInIndex = 1; lastKnownFileType = text.xcconfig; name = "Pods-SpeculidTests.release.xcconfig"; path = "Pods/Target Support Files/Pods-SpeculidTests/Pods-SpeculidTests.release.xcconfig"; sourceTree = "<group>"; };
		407E8C50424541751746E1EB /* Pods-Speculid-App.debug.xcconfig */ = {isa = PBXFileReference; includeInIndex = 1; lastKnownFileType = text.xcconfig; name = "Pods-Speculid-App.debug.xcconfig"; path = "Pods/Target Support Files/Pods-Speculid-App/Pods-Speculid-App.debug.xcconfig"; sourceTree = "<group>"; };
		4931B3201EAC0FD92C614AF8 /* Pods-Speculid-App.release.xcconfig */ = {isa = PBXFileReference; includeInIndex = 1; lastKnownFileType = text.xcconfig; name = "Pods-Speculid-App.release.xcconfig"; path = "Pods/Target Support Files/Pods-Speculid-App/Pods-Speculid-App.release.xcconfig"; sourceTree = "<group>"; };
		769F32ABB131CDEE204D90AC /* Pods_Speculid_App.framework */ = {isa = PBXFileReference; explicitFileType = wrapper.framework; includeInIndex = 0; path = Pods_Speculid_App.framework; sourceTree = BUILT_PRODUCTS_DIR; };
		B30005BF1DB518B2000A8166 /* ApplicationPathDataSource.swift */ = {isa = PBXFileReference; fileEncoding = 4; lastKnownFileType = sourcecode.swift; path = ApplicationPathDataSource.swift; sourceTree = "<group>"; };
		B30005C21DB52F84000A8166 /* DefaultApplicationPathDataSource.swift */ = {isa = PBXFileReference; fileEncoding = 4; lastKnownFileType = sourcecode.swift; path = DefaultApplicationPathDataSource.swift; sourceTree = "<group>"; };
		B30005C41DB52FCD000A8166 /* ConfiguredApplicationPathDataSource.swift */ = {isa = PBXFileReference; fileEncoding = 4; lastKnownFileType = sourcecode.swift; path = ConfiguredApplicationPathDataSource.swift; sourceTree = "<group>"; };
		B310EE361D94BF6D00C4A30E /* Speculid.framework */ = {isa = PBXFileReference; explicitFileType = wrapper.framework; includeInIndex = 0; path = Speculid.framework; sourceTree = BUILT_PRODUCTS_DIR; };
		B310EE391D94BF6D00C4A30E /* Speculid.h */ = {isa = PBXFileReference; lastKnownFileType = sourcecode.c.h; name = Speculid.h; path = ../framework/Speculid.h; sourceTree = "<group>"; };
		B310EE3A1D94BF6D00C4A30E /* Info.plist */ = {isa = PBXFileReference; lastKnownFileType = text.plist.xml; name = Info.plist; path = ../framework/Info.plist; sourceTree = "<group>"; };
		B310EE3F1D94BF6D00C4A30E /* SpeculidTests.xctest */ = {isa = PBXFileReference; explicitFileType = wrapper.cfbundle; includeInIndex = 0; path = SpeculidTests.xctest; sourceTree = BUILT_PRODUCTS_DIR; };
		B310EE441D94BF6D00C4A30E /* SpeculidTests.swift */ = {isa = PBXFileReference; lastKnownFileType = sourcecode.swift; path = SpeculidTests.swift; sourceTree = "<group>"; };
		B310EE461D94BF6D00C4A30E /* Info.plist */ = {isa = PBXFileReference; lastKnownFileType = text.plist.xml; path = Info.plist; sourceTree = "<group>"; };
		B31E04CF1F7D39F10087889E /* libSpecCarioInterop.dylib */ = {isa = PBXFileReference; explicitFileType = "compiled.mach-o.dylib"; includeInIndex = 0; path = libSpecCarioInterop.dylib; sourceTree = BUILT_PRODUCTS_DIR; };
		B31E04D11F7D39F10087889E /* SpecCarioInterop.h */ = {isa = PBXFileReference; lastKnownFileType = sourcecode.c.h; path = SpecCarioInterop.h; sourceTree = "<group>"; };
		B31E04D31F7D39F10087889E /* SpecCarioInterop.m */ = {isa = PBXFileReference; lastKnownFileType = sourcecode.c.objc; path = SpecCarioInterop.m; sourceTree = "<group>"; };
		B31E04D81F7D3A130087889E /* RSVG.h */ = {isa = PBXFileReference; fileEncoding = 4; lastKnownFileType = sourcecode.c.h; path = RSVG.h; sourceTree = "<group>"; };
		B31E04D91F7D3A130087889E /* RSVG.m */ = {isa = PBXFileReference; fileEncoding = 4; lastKnownFileType = sourcecode.c.objc; path = RSVG.m; sourceTree = "<group>"; };
		B31E04DD1F7D3B3F0087889E /* SpecCarioInterop.xcconfig */ = {isa = PBXFileReference; fileEncoding = 4; lastKnownFileType = text.xcconfig; path = SpecCarioInterop.xcconfig; sourceTree = "<group>"; };
		B32AD7C31D98112100B871CE /* SpeculidSpecifications.swift */ = {isa = PBXFileReference; fileEncoding = 4; lastKnownFileType = sourcecode.swift; lineEnding = 0; path = SpeculidSpecifications.swift; sourceTree = "<group>"; };
		B32AD7C51D982E8D00B871CE /* ProcessImageConversionTask.swift */ = {isa = PBXFileReference; fileEncoding = 4; lastKnownFileType = sourcecode.swift; path = ProcessImageConversionTask.swift; sourceTree = "<group>"; };
		B32AD7C71D982E9F00B871CE /* ImageConversionBuilder.swift */ = {isa = PBXFileReference; fileEncoding = 4; lastKnownFileType = sourcecode.swift; path = ImageConversionBuilder.swift; sourceTree = "<group>"; };
		B32AD7C91D982F7F00B871CE /* ImageConversionBuilderProtocol.swift */ = {isa = PBXFileReference; fileEncoding = 4; lastKnownFileType = sourcecode.swift; lineEnding = 0; path = ImageConversionBuilderProtocol.swift; sourceTree = "<group>"; xcLanguageSpecificationIdentifier = xcode.lang.swift; };
		B32AD7CB1D98307200B871CE /* ImageConversionTaskProtocol.swift */ = {isa = PBXFileReference; fileEncoding = 4; lastKnownFileType = sourcecode.swift; path = ImageConversionTaskProtocol.swift; sourceTree = "<group>"; };
		B32AD7CD1D98453E00B871CE /* SpeculidConfiguration.swift */ = {isa = PBXFileReference; fileEncoding = 4; lastKnownFileType = sourcecode.swift; lineEnding = 0; path = SpeculidConfiguration.swift; sourceTree = "<group>"; xcLanguageSpecificationIdentifier = xcode.lang.swift; };
		B33C70361DA6E72D002BC291 /* help.txt */ = {isa = PBXFileReference; fileEncoding = 4; lastKnownFileType = text; path = help.txt; sourceTree = "<group>"; };
		B33D98211DB5A28200CB21C3 /* AnalyticsTrackerProtocol.swift */ = {isa = PBXFileReference; fileEncoding = 4; lastKnownFileType = sourcecode.swift; path = AnalyticsTrackerProtocol.swift; sourceTree = "<group>"; };
		B33D98231DB5A74A00CB21C3 /* AnalyticsTracker.swift */ = {isa = PBXFileReference; fileEncoding = 4; lastKnownFileType = sourcecode.swift; path = AnalyticsTracker.swift; sourceTree = "<group>"; };
		B33D98251DB5AEBE00CB21C3 /* AnalyticsConfigurationProtocol.swift */ = {isa = PBXFileReference; fileEncoding = 4; lastKnownFileType = sourcecode.swift; path = AnalyticsConfigurationProtocol.swift; sourceTree = "<group>"; };
		B33D98271DB5AED400CB21C3 /* AnalyticsSessionManagerProtocol.swift */ = {isa = PBXFileReference; fileEncoding = 4; lastKnownFileType = sourcecode.swift; path = AnalyticsSessionManagerProtocol.swift; sourceTree = "<group>"; };
		B33D98291DB5B0A700CB21C3 /* AnalyticsConfiguration.swift */ = {isa = PBXFileReference; fileEncoding = 4; lastKnownFileType = sourcecode.swift; path = AnalyticsConfiguration.swift; sourceTree = "<group>"; };
		B33D982B1DB5B17300CB21C3 /* AnalyticsSessionManager.swift */ = {isa = PBXFileReference; fileEncoding = 4; lastKnownFileType = sourcecode.swift; path = AnalyticsSessionManager.swift; sourceTree = "<group>"; };
		B34201681D9975DC004C49D6 /* String.swift */ = {isa = PBXFileReference; fileEncoding = 4; lastKnownFileType = sourcecode.swift; path = String.swift; sourceTree = "<group>"; };
		B342016A1D997602004C49D6 /* CGFloat.swift */ = {isa = PBXFileReference; fileEncoding = 4; lastKnownFileType = sourcecode.swift; path = CGFloat.swift; sourceTree = "<group>"; };
		B34201C91D99A379004C49D6 /* SpeculidDocumentProtocol.swift */ = {isa = PBXFileReference; fileEncoding = 4; lastKnownFileType = sourcecode.swift; path = SpeculidDocumentProtocol.swift; sourceTree = "<group>"; };
		B34201CB1D99A3BD004C49D6 /* SpeculidSpecificationsProtocol.swift */ = {isa = PBXFileReference; fileEncoding = 4; lastKnownFileType = sourcecode.swift; path = SpeculidSpecificationsProtocol.swift; sourceTree = "<group>"; };
		B34201CD1D99A3F5004C49D6 /* ImageSpecificationProtocol.swift */ = {isa = PBXFileReference; fileEncoding = 4; lastKnownFileType = sourcecode.swift; path = ImageSpecificationProtocol.swift; sourceTree = "<group>"; };
		B34201CF1D99A5CD004C49D6 /* ImageIdiom.swift */ = {isa = PBXFileReference; fileEncoding = 4; lastKnownFileType = sourcecode.swift; path = ImageIdiom.swift; sourceTree = "<group>"; };
		B34201D11D99A5EA004C49D6 /* ProcessError.swift */ = {isa = PBXFileReference; fileEncoding = 4; lastKnownFileType = sourcecode.swift; path = ProcessError.swift; sourceTree = "<group>"; };
		B34201D31D99A604004C49D6 /* SVGImageConversionBuilder.swift */ = {isa = PBXFileReference; fileEncoding = 4; lastKnownFileType = sourcecode.swift; path = SVGImageConversionBuilder.swift; sourceTree = "<group>"; };
		B34201D51D99A61B004C49D6 /* PDFConversionBuilder.swift */ = {isa = PBXFileReference; fileEncoding = 4; lastKnownFileType = sourcecode.swift; path = PDFConversionBuilder.swift; sourceTree = "<group>"; };
		B34201D71D99A62D004C49D6 /* RasterConversionBuilder.swift */ = {isa = PBXFileReference; fileEncoding = 4; lastKnownFileType = sourcecode.swift; path = RasterConversionBuilder.swift; sourceTree = "<group>"; };
		B34388761DB0061C003CB3BC /* SpeculidApplicationProtocol.swift */ = {isa = PBXFileReference; fileEncoding = 4; lastKnownFileType = sourcecode.swift; path = SpeculidApplicationProtocol.swift; sourceTree = "<group>"; };
		B34388781DB006BE003CB3BC /* SpeculidArgumentsProtocol.swift */ = {isa = PBXFileReference; fileEncoding = 4; lastKnownFileType = sourcecode.swift; path = SpeculidArgumentsProtocol.swift; sourceTree = "<group>"; };
		B343887A1DB035C3003CB3BC /* SpeculidApplication.swift */ = {isa = PBXFileReference; fileEncoding = 4; lastKnownFileType = sourcecode.swift; path = SpeculidApplication.swift; sourceTree = "<group>"; };
		B34507831D9E9FD900C80225 /* VCS.swift */ = {isa = PBXFileReference; fileEncoding = 4; lastKnownFileType = sourcecode.swift; name = VCS.swift; path = ../framework/VCS.swift; sourceTree = "<group>"; };
		B346F7061DB7A35000CA74C0 /* ApplicationPathDataSourceTest.swift */ = {isa = PBXFileReference; fileEncoding = 4; lastKnownFileType = sourcecode.swift; path = ApplicationPathDataSourceTest.swift; sourceTree = "<group>"; };
		B362A4231D9BFCCB00FF74FC /* Geometry.swift */ = {isa = PBXFileReference; fileEncoding = 4; lastKnownFileType = sourcecode.swift; path = Geometry.swift; sourceTree = "<group>"; };
		B362A4251D9C0B4000FF74FC /* ScaledGeometry.swift */ = {isa = PBXFileReference; fileEncoding = 4; lastKnownFileType = sourcecode.swift; path = ScaledGeometry.swift; sourceTree = "<group>"; };
		B362A4271D9C0B4C00FF74FC /* GeometryProtocol.swift */ = {isa = PBXFileReference; fileEncoding = 4; lastKnownFileType = sourcecode.swift; path = GeometryProtocol.swift; sourceTree = "<group>"; };
		B36AD1B71DB6C19D00D33AD7 /* AnalyticsParameterKey.swift */ = {isa = PBXFileReference; fileEncoding = 4; lastKnownFileType = sourcecode.swift; path = AnalyticsParameterKey.swift; sourceTree = "<group>"; };
		B36AD1B91DB6C1B400D33AD7 /* AnalyticsParameterDictionary.swift */ = {isa = PBXFileReference; fileEncoding = 4; lastKnownFileType = sourcecode.swift; path = AnalyticsParameterDictionary.swift; sourceTree = "<group>"; };
		B36AD1BB1DB6C1E100D33AD7 /* AnalyticsEventProtocol.swift */ = {isa = PBXFileReference; fileEncoding = 4; lastKnownFileType = sourcecode.swift; path = AnalyticsEventProtocol.swift; sourceTree = "<group>"; };
		B36AD1BD1DB6C20900D33AD7 /* GeometryValue.swift */ = {isa = PBXFileReference; fileEncoding = 4; lastKnownFileType = sourcecode.swift; path = GeometryValue.swift; sourceTree = "<group>"; };
		B36AD1BF1DB6C24600D33AD7 /* ConversionResult.swift */ = {isa = PBXFileReference; fileEncoding = 4; lastKnownFileType = sourcecode.swift; path = ConversionResult.swift; sourceTree = "<group>"; };
		B36AD1C11DB6C3AB00D33AD7 /* ApplicationPathDictionary.swift */ = {isa = PBXFileReference; fileEncoding = 4; lastKnownFileType = sourcecode.swift; path = ApplicationPathDictionary.swift; sourceTree = "<group>"; };
		B36AD1C31DB6C3C100D33AD7 /* ApplicationPath.swift */ = {isa = PBXFileReference; fileEncoding = 4; lastKnownFileType = sourcecode.swift; path = ApplicationPath.swift; sourceTree = "<group>"; };
		B370914B1DFB020E007DD54C /* versions.plist */ = {isa = PBXFileReference; fileEncoding = 4; lastKnownFileType = text.plist.xml; path = versions.plist; sourceTree = "<group>"; };
		B37996B81DB7E36C00B8CA3B /* SearchApplicationPathDataSource.swift */ = {isa = PBXFileReference; fileEncoding = 4; lastKnownFileType = sourcecode.swift; path = SearchApplicationPathDataSource.swift; sourceTree = "<group>"; };
		B38085F91D9AA76E000BC05A /* Speculid.app */ = {isa = PBXFileReference; explicitFileType = wrapper.application; includeInIndex = 0; path = Speculid.app; sourceTree = BUILT_PRODUCTS_DIR; };
		B38085FF1D9AA76E000BC05A /* Assets.xcassets */ = {isa = PBXFileReference; lastKnownFileType = folder.assetcatalog; path = Assets.xcassets; sourceTree = "<group>"; };
		B38086041D9AA76E000BC05A /* Info.plist */ = {isa = PBXFileReference; lastKnownFileType = text.plist.xml; path = Info.plist; sourceTree = "<group>"; };
		B38086081D9AA78E000BC05A /* main.swift */ = {isa = PBXFileReference; fileEncoding = 4; lastKnownFileType = sourcecode.swift; name = main.swift; path = ../application/main.swift; sourceTree = "<group>"; };
		B385F3491F7DB7D200AC6B85 /* versions.plist */ = {isa = PBXFileReference; lastKnownFileType = text.plist.xml; path = versions.plist; sourceTree = "<group>"; };
		B38751C21F7FAB7700032196 /* ImageConversionSetBuilderProtocol.swift */ = {isa = PBXFileReference; lastKnownFileType = sourcecode.swift; path = ImageConversionSetBuilderProtocol.swift; sourceTree = "<group>"; };
		B38751C41F7FAB9400032196 /* ImageConversionSetProtocol.swift */ = {isa = PBXFileReference; lastKnownFileType = sourcecode.swift; path = ImageConversionSetProtocol.swift; sourceTree = "<group>"; };
		B38751C61F7FAC2C00032196 /* ImageConversionSetBuilder.swift */ = {isa = PBXFileReference; lastKnownFileType = sourcecode.swift; path = ImageConversionSetBuilder.swift; sourceTree = "<group>"; };
		B38751C81F7FADAB00032196 /* CollectionConversionBuilder.swift */ = {isa = PBXFileReference; lastKnownFileType = sourcecode.swift; path = CollectionConversionBuilder.swift; sourceTree = "<group>"; };
		B3880DE31E0AB5180093117D /* NSColor.swift */ = {isa = PBXFileReference; fileEncoding = 4; lastKnownFileType = sourcecode.swift; path = NSColor.swift; sourceTree = "<group>"; };
		B38F734C1DA2A928008469FE /* Speculid.swift */ = {isa = PBXFileReference; fileEncoding = 4; lastKnownFileType = sourcecode.swift; path = Speculid.swift; sourceTree = "<group>"; };
		B3951DA01DA4319B00A6FCF2 /* ProcessProtocol.swift */ = {isa = PBXFileReference; fileEncoding = 4; lastKnownFileType = sourcecode.swift; path = ProcessProtocol.swift; sourceTree = "<group>"; };
		B3951DA31DA4334A00A6FCF2 /* ProcessImageConversionTaskTests.swift */ = {isa = PBXFileReference; fileEncoding = 4; lastKnownFileType = sourcecode.swift; path = ProcessImageConversionTaskTests.swift; sourceTree = "<group>"; };
		B3951DA51DA4395600A6FCF2 /* ImageConversionBuilderTests.swift */ = {isa = PBXFileReference; fileEncoding = 4; lastKnownFileType = sourcecode.swift; path = ImageConversionBuilderTests.swift; sourceTree = "<group>"; };
		B3B746FD1D974C4A0044809F /* SpeculidDocument.swift */ = {isa = PBXFileReference; fileEncoding = 4; lastKnownFileType = sourcecode.swift; lineEnding = 0; path = SpeculidDocument.swift; sourceTree = "<group>"; xcLanguageSpecificationIdentifier = xcode.lang.swift; };
		B3B746FF1D9751080044809F /* ImageSpecification.swift */ = {isa = PBXFileReference; fileEncoding = 4; lastKnownFileType = sourcecode.swift; path = ImageSpecification.swift; sourceTree = "<group>"; };
		B3DC29A31D9AAC4E00646E86 /* ArrayError.swift */ = {isa = PBXFileReference; fileEncoding = 4; lastKnownFileType = sourcecode.swift; path = ArrayError.swift; sourceTree = "<group>"; };
		B3DC29A71D9AAE1D00646E86 /* MissingRequiredInstallationError.swift */ = {isa = PBXFileReference; fileEncoding = 4; lastKnownFileType = sourcecode.swift; path = MissingRequiredInstallationError.swift; sourceTree = "<group>"; };
		B3EDA65F1D985ACA00F4E77F /* SpeculidConfigurationProtocol.swift */ = {isa = PBXFileReference; fileEncoding = 4; lastKnownFileType = sourcecode.swift; lineEnding = 0; path = SpeculidConfigurationProtocol.swift; sourceTree = "<group>"; xcLanguageSpecificationIdentifier = xcode.lang.swift; };
		B3EDA6611D98A13F00F4E77F /* SpeculidBuilder.swift */ = {isa = PBXFileReference; fileEncoding = 4; lastKnownFileType = sourcecode.swift; path = SpeculidBuilder.swift; sourceTree = "<group>"; };
		B3EDA6631D98A16A00F4E77F /* SpeculidBuilderProtocol.swift */ = {isa = PBXFileReference; fileEncoding = 4; lastKnownFileType = sourcecode.swift; path = SpeculidBuilderProtocol.swift; sourceTree = "<group>"; };
		B3EE812C1DB6624A00F0D9A7 /* ClientIdentifierDelegate.swift */ = {isa = PBXFileReference; fileEncoding = 4; lastKnownFileType = sourcecode.swift; path = ClientIdentifierDelegate.swift; sourceTree = "<group>"; };
		B3EE812E1DB6626900F0D9A7 /* ClientIdentifier.swift */ = {isa = PBXFileReference; fileEncoding = 4; lastKnownFileType = sourcecode.swift; path = ClientIdentifier.swift; sourceTree = "<group>"; };
		DA8C8B36DBAD28741A274EDD /* Pods_Speculid_App_Speculid.framework */ = {isa = PBXFileReference; explicitFileType = wrapper.framework; includeInIndex = 0; path = Pods_Speculid_App_Speculid.framework; sourceTree = BUILT_PRODUCTS_DIR; };
/* End PBXFileReference section */

/* Begin PBXFrameworksBuildPhase section */
		B310EE321D94BF6D00C4A30E /* Frameworks */ = {
			isa = PBXFrameworksBuildPhase;
			buildActionMask = 2147483647;
			files = (
				B31E04DE1F7D3C540087889E /* libSpecCarioInterop.dylib in Frameworks */,
				3A1ABCFA753C493935FD8F95 /* Pods_Speculid_App_Speculid.framework in Frameworks */,
			);
			runOnlyForDeploymentPostprocessing = 0;
		};
		B310EE3C1D94BF6D00C4A30E /* Frameworks */ = {
			isa = PBXFrameworksBuildPhase;
			buildActionMask = 2147483647;
			files = (
				B310EE401D94BF6D00C4A30E /* Speculid.framework in Frameworks */,
				90A44E85D7852C743AC3ED1B /* Pods_SpeculidTests.framework in Frameworks */,
			);
			runOnlyForDeploymentPostprocessing = 0;
		};
		B31E04CC1F7D39F10087889E /* Frameworks */ = {
			isa = PBXFrameworksBuildPhase;
			buildActionMask = 2147483647;
			files = (
			);
			runOnlyForDeploymentPostprocessing = 0;
		};
		B38085F61D9AA76E000BC05A /* Frameworks */ = {
			isa = PBXFrameworksBuildPhase;
			buildActionMask = 2147483647;
			files = (
				B380860A1D9AA7B2000BC05A /* Speculid.framework in Frameworks */,
				FA2CD792E10A6102D66AEB00 /* Pods_Speculid_App.framework in Frameworks */,
			);
			runOnlyForDeploymentPostprocessing = 0;
		};
/* End PBXFrameworksBuildPhase section */

/* Begin PBXGroup section */
		2B9D3D68E4619D5AB016A80F /* Pods */ = {
			isa = PBXGroup;
			children = (
				407E8C50424541751746E1EB /* Pods-Speculid-App.debug.xcconfig */,
				4931B3201EAC0FD92C614AF8 /* Pods-Speculid-App.release.xcconfig */,
				1F3FED6FBB20B152C826989D /* Pods-Speculid-App-Speculid.debug.xcconfig */,
				16C110D021B16DF74774248F /* Pods-Speculid-App-Speculid.release.xcconfig */,
				2DB7226F66B034963BD7F05D /* Pods-SpeculidTests.debug.xcconfig */,
				3B8747C1F338E0ADE9DFD69B /* Pods-SpeculidTests.release.xcconfig */,
			);
			name = Pods;
			sourceTree = "<group>";
		};
		B30005C11DB52F6E000A8166 /* ApplicationPathDataSources */ = {
			isa = PBXGroup;
			children = (
				B30005C21DB52F84000A8166 /* DefaultApplicationPathDataSource.swift */,
				B30005C41DB52FCD000A8166 /* ConfiguredApplicationPathDataSource.swift */,
				B37996B81DB7E36C00B8CA3B /* SearchApplicationPathDataSource.swift */,
			);
			name = ApplicationPathDataSources;
			sourceTree = "<group>";
		};
		B310EE2A1D94BF5000C4A30E = {
			isa = PBXGroup;
			children = (
				B31E04DD1F7D3B3F0087889E /* SpecCarioInterop.xcconfig */,
				B310EE381D94BF6D00C4A30E /* framework */,
				B310EE431D94BF6D00C4A30E /* tests */,
				B38085FA1D9AA76E000BC05A /* application */,
				B31E04D01F7D39F10087889E /* SpecCarioInterop */,
				B310EE371D94BF6D00C4A30E /* Products */,
				2B9D3D68E4619D5AB016A80F /* Pods */,
				F3EDEE6E94F5A50D64872E46 /* Frameworks */,
			);
			sourceTree = "<group>";
		};
		B310EE371D94BF6D00C4A30E /* Products */ = {
			isa = PBXGroup;
			children = (
				B310EE361D94BF6D00C4A30E /* Speculid.framework */,
				B310EE3F1D94BF6D00C4A30E /* SpeculidTests.xctest */,
				B38085F91D9AA76E000BC05A /* Speculid.app */,
				B31E04CF1F7D39F10087889E /* libSpecCarioInterop.dylib */,
			);
			name = Products;
			sourceTree = "<group>";
		};
		B310EE381D94BF6D00C4A30E /* framework */ = {
			isa = PBXGroup;
			children = (
				B3D7382C1F7D6B19004EC261 /* Obsolete */,
				B33D98201DB5A26800CB21C3 /* Analytics */,
				B38F73491DA2A6B9008469FE /* Controllers */,
				B3DC29A61D9AAD0300646E86 /* Errors */,
				B362A4221D9BF8BC00FF74FC /* Extensions */,
				B38F734B1DA2A6F7008469FE /* Models */,
				B38F734A1DA2A6E4008469FE /* Protocols */,
				B310EE391D94BF6D00C4A30E /* Speculid.h */,
				B310EE3A1D94BF6D00C4A30E /* Info.plist */,
				B34507831D9E9FD900C80225 /* VCS.swift */,
				B385F3491F7DB7D200AC6B85 /* versions.plist */,
			);
			path = framework;
			sourceTree = "<group>";
		};
		B310EE431D94BF6D00C4A30E /* tests */ = {
			isa = PBXGroup;
			children = (
				B3951DA21DA432FB00A6FCF2 /* Controllers */,
				B310EE461D94BF6D00C4A30E /* Info.plist */,
			);
			path = tests;
			sourceTree = "<group>";
		};
		B31E04D01F7D39F10087889E /* SpecCarioInterop */ = {
			isa = PBXGroup;
			children = (
				B31E04D81F7D3A130087889E /* RSVG.h */,
				B31E04D91F7D3A130087889E /* RSVG.m */,
				B31E04D11F7D39F10087889E /* SpecCarioInterop.h */,
				B31E04D31F7D39F10087889E /* SpecCarioInterop.m */,
			);
			path = SpecCarioInterop;
			sourceTree = "<group>";
		};
		B33D98201DB5A26800CB21C3 /* Analytics */ = {
			isa = PBXGroup;
			children = (
			);
			name = Analytics;
			sourceTree = "<group>";
		};
		B362A4221D9BF8BC00FF74FC /* Extensions */ = {
			isa = PBXGroup;
			children = (
				B34201681D9975DC004C49D6 /* String.swift */,
				B342016A1D997602004C49D6 /* CGFloat.swift */,
				B3880DE31E0AB5180093117D /* NSColor.swift */,
			);
			path = Extensions;
			sourceTree = "<group>";
		};
		B38085FA1D9AA76E000BC05A /* application */ = {
			isa = PBXGroup;
			children = (
				B38085FF1D9AA76E000BC05A /* Assets.xcassets */,
				B38086041D9AA76E000BC05A /* Info.plist */,
				B38086081D9AA78E000BC05A /* main.swift */,
				B33C70361DA6E72D002BC291 /* help.txt */,
				B370914B1DFB020E007DD54C /* versions.plist */,
			);
			path = application;
			sourceTree = "<group>";
		};
		B38F73491DA2A6B9008469FE /* Controllers */ = {
			isa = PBXGroup;
			children = (
				B30005C11DB52F6E000A8166 /* ApplicationPathDataSources */,
				B38F734C1DA2A928008469FE /* Speculid.swift */,
				B32AD7C51D982E8D00B871CE /* ProcessImageConversionTask.swift */,
				B32AD7C71D982E9F00B871CE /* ImageConversionBuilder.swift */,
				B3EDA6611D98A13F00F4E77F /* SpeculidBuilder.swift */,
				B38751C61F7FAC2C00032196 /* ImageConversionSetBuilder.swift */,
				B343887A1DB035C3003CB3BC /* SpeculidApplication.swift */,
				B38751C81F7FADAB00032196 /* CollectionConversionBuilder.swift */,
				B33D98231DB5A74A00CB21C3 /* AnalyticsTracker.swift */,
				B33D982B1DB5B17300CB21C3 /* AnalyticsSessionManager.swift */,
				B3EE812E1DB6626900F0D9A7 /* ClientIdentifier.swift */,
			);
			path = Controllers;
			sourceTree = "<group>";
		};
		B38F734A1DA2A6E4008469FE /* Protocols */ = {
			isa = PBXGroup;
			children = (
				B32AD7C91D982F7F00B871CE /* ImageConversionBuilderProtocol.swift */,
				B32AD7CB1D98307200B871CE /* ImageConversionTaskProtocol.swift */,
				B34201CD1D99A3F5004C49D6 /* ImageSpecificationProtocol.swift */,
				B3EDA6631D98A16A00F4E77F /* SpeculidBuilderProtocol.swift */,
				B3EDA65F1D985ACA00F4E77F /* SpeculidConfigurationProtocol.swift */,
				B34201C91D99A379004C49D6 /* SpeculidDocumentProtocol.swift */,
				B34201CB1D99A3BD004C49D6 /* SpeculidSpecificationsProtocol.swift */,
				B362A4271D9C0B4C00FF74FC /* GeometryProtocol.swift */,
				B3951DA01DA4319B00A6FCF2 /* ProcessProtocol.swift */,
				B34388761DB0061C003CB3BC /* SpeculidApplicationProtocol.swift */,
				B34388781DB006BE003CB3BC /* SpeculidArgumentsProtocol.swift */,
				B30005BF1DB518B2000A8166 /* ApplicationPathDataSource.swift */,
				B33D98211DB5A28200CB21C3 /* AnalyticsTrackerProtocol.swift */,
				B33D98251DB5AEBE00CB21C3 /* AnalyticsConfigurationProtocol.swift */,
				B33D98271DB5AED400CB21C3 /* AnalyticsSessionManagerProtocol.swift */,
				B3EE812C1DB6624A00F0D9A7 /* ClientIdentifierDelegate.swift */,
				B36AD1BB1DB6C1E100D33AD7 /* AnalyticsEventProtocol.swift */,
				B38751C21F7FAB7700032196 /* ImageConversionSetBuilderProtocol.swift */,
				B38751C41F7FAB9400032196 /* ImageConversionSetProtocol.swift */,
			);
			path = Protocols;
			sourceTree = "<group>";
		};
		B38F734B1DA2A6F7008469FE /* Models */ = {
			isa = PBXGroup;
			children = (
				B34201CF1D99A5CD004C49D6 /* ImageIdiom.swift */,
				B3B746FF1D9751080044809F /* ImageSpecification.swift */,
				B32AD7CD1D98453E00B871CE /* SpeculidConfiguration.swift */,
				B3B746FD1D974C4A0044809F /* SpeculidDocument.swift */,
				B32AD7C31D98112100B871CE /* SpeculidSpecifications.swift */,
				B362A4231D9BFCCB00FF74FC /* Geometry.swift */,
				B362A4251D9C0B4000FF74FC /* ScaledGeometry.swift */,
				B33D98291DB5B0A700CB21C3 /* AnalyticsConfiguration.swift */,
				B36AD1B71DB6C19D00D33AD7 /* AnalyticsParameterKey.swift */,
				B36AD1B91DB6C1B400D33AD7 /* AnalyticsParameterDictionary.swift */,
				B36AD1BD1DB6C20900D33AD7 /* GeometryValue.swift */,
				B36AD1BF1DB6C24600D33AD7 /* ConversionResult.swift */,
				B36AD1C11DB6C3AB00D33AD7 /* ApplicationPathDictionary.swift */,
				B36AD1C31DB6C3C100D33AD7 /* ApplicationPath.swift */,
			);
			path = Models;
			sourceTree = "<group>";
		};
		B3951DA21DA432FB00A6FCF2 /* Controllers */ = {
			isa = PBXGroup;
			children = (
				B310EE441D94BF6D00C4A30E /* SpeculidTests.swift */,
				B3951DA31DA4334A00A6FCF2 /* ProcessImageConversionTaskTests.swift */,
				B3951DA51DA4395600A6FCF2 /* ImageConversionBuilderTests.swift */,
				B346F7061DB7A35000CA74C0 /* ApplicationPathDataSourceTest.swift */,
			);
			path = Controllers;
			sourceTree = "<group>";
		};
		B3D7382C1F7D6B19004EC261 /* Obsolete */ = {
			isa = PBXGroup;
			children = (
				B34201D31D99A604004C49D6 /* SVGImageConversionBuilder.swift */,
				B34201D51D99A61B004C49D6 /* PDFConversionBuilder.swift */,
				B34201D71D99A62D004C49D6 /* RasterConversionBuilder.swift */,
			);
			path = Obsolete;
			sourceTree = "<group>";
		};
		B3DC29A61D9AAD0300646E86 /* Errors */ = {
			isa = PBXGroup;
			children = (
				B34201D11D99A5EA004C49D6 /* ProcessError.swift */,
				B3DC29A31D9AAC4E00646E86 /* ArrayError.swift */,
				B3DC29A71D9AAE1D00646E86 /* MissingRequiredInstallationError.swift */,
			);
			path = Errors;
			sourceTree = "<group>";
		};
		F3EDEE6E94F5A50D64872E46 /* Frameworks */ = {
			isa = PBXGroup;
			children = (
				769F32ABB131CDEE204D90AC /* Pods_Speculid_App.framework */,
				DA8C8B36DBAD28741A274EDD /* Pods_Speculid_App_Speculid.framework */,
				386203CFE7D8B9BA4D80ADA4 /* Pods_SpeculidTests.framework */,
			);
			name = Frameworks;
			sourceTree = "<group>";
		};
/* End PBXGroup section */

/* Begin PBXHeadersBuildPhase section */
		B310EE331D94BF6D00C4A30E /* Headers */ = {
			isa = PBXHeadersBuildPhase;
			buildActionMask = 2147483647;
			files = (
				B310EE471D94BF6D00C4A30E /* Speculid.h in Headers */,
			);
			runOnlyForDeploymentPostprocessing = 0;
		};
		B31E04CD1F7D39F10087889E /* Headers */ = {
			isa = PBXHeadersBuildPhase;
			buildActionMask = 2147483647;
			files = (
				B31E04DA1F7D3A130087889E /* RSVG.h in Headers */,
				B31E04D21F7D39F10087889E /* SpecCarioInterop.h in Headers */,
			);
			runOnlyForDeploymentPostprocessing = 0;
		};
/* End PBXHeadersBuildPhase section */

/* Begin PBXNativeTarget section */
		B310EE351D94BF6D00C4A30E /* Speculid */ = {
			isa = PBXNativeTarget;
			buildConfigurationList = B310EE481D94BF6D00C4A30E /* Build configuration list for PBXNativeTarget "Speculid" */;
			buildPhases = (
				B90673C66D6CDE5A62FD8FB7 /* [CP] Check Pods Manifest.lock */,
				B3F795961D9F7C9500FC557C /* Autorevision */,
				B310EE311D94BF6D00C4A30E /* Sources */,
				B310EE321D94BF6D00C4A30E /* Frameworks */,
				B310EE331D94BF6D00C4A30E /* Headers */,
				B310EE341D94BF6D00C4A30E /* Resources */,
				CD1D04F255007577F6F62838 /* [CP] Copy Pods Resources */,
			);
			buildRules = (
			);
			dependencies = (
			);
			name = Speculid;
			productName = Speculid;
			productReference = B310EE361D94BF6D00C4A30E /* Speculid.framework */;
			productType = "com.apple.product-type.framework";
		};
		B310EE3E1D94BF6D00C4A30E /* SpeculidTests */ = {
			isa = PBXNativeTarget;
			buildConfigurationList = B310EE4B1D94BF6D00C4A30E /* Build configuration list for PBXNativeTarget "SpeculidTests" */;
			buildPhases = (
				FC6E4DC6F306E5D5F16C94E6 /* [CP] Check Pods Manifest.lock */,
				B310EE3B1D94BF6D00C4A30E /* Sources */,
				B310EE3C1D94BF6D00C4A30E /* Frameworks */,
				B310EE3D1D94BF6D00C4A30E /* Resources */,
				7213C78CF5792A61D45F51B1 /* [CP] Embed Pods Frameworks */,
				BF7DD1E83825C1D52B868983 /* [CP] Copy Pods Resources */,
			);
			buildRules = (
			);
			dependencies = (
				B310EE421D94BF6D00C4A30E /* PBXTargetDependency */,
				B38F734F1DA2AA2B008469FE /* PBXTargetDependency */,
			);
			name = SpeculidTests;
			productName = SpeculidTests;
			productReference = B310EE3F1D94BF6D00C4A30E /* SpeculidTests.xctest */;
			productType = "com.apple.product-type.bundle.unit-test";
		};
		B31E04CE1F7D39F10087889E /* SpecCarioInterop */ = {
			isa = PBXNativeTarget;
			buildConfigurationList = B31E04D71F7D39F10087889E /* Build configuration list for PBXNativeTarget "SpecCarioInterop" */;
			buildPhases = (
				B31E04CB1F7D39F10087889E /* Sources */,
				B31E04CC1F7D39F10087889E /* Frameworks */,
				B31E04CD1F7D39F10087889E /* Headers */,
			);
			buildRules = (
			);
			dependencies = (
				B3F925411F7E79BC00FFD4B8 /* PBXTargetDependency */,
			);
			name = SpecCarioInterop;
			productName = SpecCarioInterop;
			productReference = B31E04CF1F7D39F10087889E /* libSpecCarioInterop.dylib */;
			productType = "com.apple.product-type.library.dynamic";
		};
		B38085F81D9AA76E000BC05A /* Speculid-App */ = {
			isa = PBXNativeTarget;
			buildConfigurationList = B38086051D9AA76E000BC05A /* Build configuration list for PBXNativeTarget "Speculid-App" */;
			buildPhases = (
				A3F8F713D1C9A7C6203C9A7E /* [CP] Check Pods Manifest.lock */,
				B38085F51D9AA76E000BC05A /* Sources */,
				B38085F61D9AA76E000BC05A /* Frameworks */,
				B38085F71D9AA76E000BC05A /* Resources */,
				B380860E1D9AA7B2000BC05A /* Embed Frameworks */,
				A6C6CB2D563329968516A76B /* [CP] Embed Pods Frameworks */,
				1CB5FABA6E870350CEEDEC8E /* [CP] Copy Pods Resources */,
			);
			buildRules = (
			);
			dependencies = (
				B380860D1D9AA7B2000BC05A /* PBXTargetDependency */,
			);
			name = "Speculid-App";
			productName = "Speculid-App";
			productReference = B38085F91D9AA76E000BC05A /* Speculid.app */;
			productType = "com.apple.product-type.application";
		};
/* End PBXNativeTarget section */

/* Begin PBXProject section */
		B310EE2B1D94BF5000C4A30E /* Project object */ = {
			isa = PBXProject;
			attributes = {
				LastSwiftUpdateCheck = 0800;
				LastUpgradeCheck = 0900;
				TargetAttributes = {
					B310EE351D94BF6D00C4A30E = {
						CreatedOnToolsVersion = 8.0;
						LastSwiftMigration = 0900;
						ProvisioningStyle = Manual;
					};
					B310EE3E1D94BF6D00C4A30E = {
						CreatedOnToolsVersion = 8.0;
						LastSwiftMigration = 0900;
						ProvisioningStyle = Manual;
					};
					B31E04CE1F7D39F10087889E = {
						CreatedOnToolsVersion = 9.0;
						DevelopmentTeam = MLT7M394S7;
						ProvisioningStyle = Automatic;
					};
					B38085F81D9AA76E000BC05A = {
						CreatedOnToolsVersion = 8.0;
						LastSwiftMigration = 0900;
						ProvisioningStyle = Manual;
					};
					B3F9253B1F7E793A00FFD4B8 = {
						CreatedOnToolsVersion = 9.0;
						DevelopmentTeam = MLT7M394S7;
						ProvisioningStyle = Automatic;
					};
				};
			};
			buildConfigurationList = B310EE2E1D94BF5000C4A30E /* Build configuration list for PBXProject "speculid" */;
			compatibilityVersion = "Xcode 3.2";
			developmentRegion = English;
			hasScannedForEncodings = 0;
			knownRegions = (
				en,
				Base,
			);
			mainGroup = B310EE2A1D94BF5000C4A30E;
			productRefGroup = B310EE371D94BF6D00C4A30E /* Products */;
			projectDirPath = "";
			projectRoot = "";
			targets = (
				B310EE351D94BF6D00C4A30E /* Speculid */,
				B310EE3E1D94BF6D00C4A30E /* SpeculidTests */,
				B38085F81D9AA76E000BC05A /* Speculid-App */,
				B31E04CE1F7D39F10087889E /* SpecCarioInterop */,
				B3F9253B1F7E793A00FFD4B8 /* SpecCarioInterop-Flags */,
			);
		};
/* End PBXProject section */

/* Begin PBXResourcesBuildPhase section */
		B310EE341D94BF6D00C4A30E /* Resources */ = {
			isa = PBXResourcesBuildPhase;
			buildActionMask = 2147483647;
			files = (
				B385F34A1F7DB7D200AC6B85 /* versions.plist in Resources */,
			);
			runOnlyForDeploymentPostprocessing = 0;
		};
		B310EE3D1D94BF6D00C4A30E /* Resources */ = {
			isa = PBXResourcesBuildPhase;
			buildActionMask = 2147483647;
			files = (
			);
			runOnlyForDeploymentPostprocessing = 0;
		};
		B38085F71D9AA76E000BC05A /* Resources */ = {
			isa = PBXResourcesBuildPhase;
			buildActionMask = 2147483647;
			files = (
				B38086001D9AA76E000BC05A /* Assets.xcassets in Resources */,
				B370914C1DFB020E007DD54C /* versions.plist in Resources */,
				B33C70371DA6E72D002BC291 /* help.txt in Resources */,
			);
			runOnlyForDeploymentPostprocessing = 0;
		};
/* End PBXResourcesBuildPhase section */

/* Begin PBXShellScriptBuildPhase section */
		1CB5FABA6E870350CEEDEC8E /* [CP] Copy Pods Resources */ = {
			isa = PBXShellScriptBuildPhase;
			buildActionMask = 2147483647;
			files = (
			);
			inputPaths = (
			);
			name = "[CP] Copy Pods Resources";
			outputPaths = (
			);
			runOnlyForDeploymentPostprocessing = 0;
			shellPath = /bin/sh;
			shellScript = "\"${SRCROOT}/Pods/Target Support Files/Pods-Speculid-App/Pods-Speculid-App-resources.sh\"\n";
			showEnvVarsInLog = 0;
		};
		7213C78CF5792A61D45F51B1 /* [CP] Embed Pods Frameworks */ = {
			isa = PBXShellScriptBuildPhase;
			buildActionMask = 2147483647;
			files = (
			);
			inputPaths = (
			);
			name = "[CP] Embed Pods Frameworks";
			outputPaths = (
			);
			runOnlyForDeploymentPostprocessing = 0;
			shellPath = /bin/sh;
			shellScript = "\"${SRCROOT}/Pods/Target Support Files/Pods-SpeculidTests/Pods-SpeculidTests-frameworks.sh\"\n";
			showEnvVarsInLog = 0;
		};
		A3F8F713D1C9A7C6203C9A7E /* [CP] Check Pods Manifest.lock */ = {
			isa = PBXShellScriptBuildPhase;
			buildActionMask = 2147483647;
			files = (
			);
			inputPaths = (
			);
			name = "[CP] Check Pods Manifest.lock";
			outputPaths = (
			);
			runOnlyForDeploymentPostprocessing = 0;
			shellPath = /bin/sh;
			shellScript = "diff \"${PODS_PODFILE_DIR_PATH}/Podfile.lock\" \"${PODS_ROOT}/Manifest.lock\" > /dev/null\nif [ $? != 0 ] ; then\n    # print error to STDERR\n    echo \"error: The sandbox is not in sync with the Podfile.lock. Run 'pod install' or update your CocoaPods installation.\" >&2\n    exit 1\nfi\n";
			showEnvVarsInLog = 0;
		};
		A6C6CB2D563329968516A76B /* [CP] Embed Pods Frameworks */ = {
			isa = PBXShellScriptBuildPhase;
			buildActionMask = 2147483647;
			files = (
			);
			inputPaths = (
			);
			name = "[CP] Embed Pods Frameworks";
			outputPaths = (
			);
			runOnlyForDeploymentPostprocessing = 0;
			shellPath = /bin/sh;
			shellScript = "\"${SRCROOT}/Pods/Target Support Files/Pods-Speculid-App/Pods-Speculid-App-frameworks.sh\"\n";
			showEnvVarsInLog = 0;
		};
		B3F795961D9F7C9500FC557C /* Autorevision */ = {
			isa = PBXShellScriptBuildPhase;
			buildActionMask = 2147483647;
			files = (
			);
			inputPaths = (
			);
			name = Autorevision;
			outputPaths = (
			);
			runOnlyForDeploymentPostprocessing = 0;
			shellPath = /bin/sh;
			shellScript = "if git rev-parse --git-dir > /dev/null 2>&1; then\ntouch ${SRCROOT}/.version\nstart=1\nversion_file=`< ${SRCROOT}/.version`\nversion=${version_file:-${start}}\nexport VCS_EXTRA=$version\necho \"Incrementing Version Number\"\n\"${SRCROOT}/autorevision.sh\" -t swift > \"${SRCROOT}/framework/VCS.swift\"\necho `expr ${VCS_EXTRA} + 1` >${SRCROOT}/.version\nfi";
		};
		B3F9253F1F7E793F00FFD4B8 /* ShellScript */ = {
			isa = PBXShellScriptBuildPhase;
			buildActionMask = 2147483647;
			files = (
			);
			inputPaths = (
			);
			outputPaths = (
			);
			runOnlyForDeploymentPostprocessing = 0;
			shellPath = /bin/bash;
			shellScript = "OTHER_CFLAGS=\"$(pkg-config --cflags cairo librsvg-2.0)\"\nOTHER_LDFLAGS=\"$(pkg-config --libs cairo librsvg-2.0)\"\necho -e \"OTHER_CFLAGS = \\$(inherited) ${OTHER_CFLAGS}\" > SpecCarioInterop.xcconfig\necho -e \"OTHER_LDFLAGS = \\$(inherited) ${OTHER_LDFLAGS}\" >> SpecCarioInterop.xcconfig";
		};
		B90673C66D6CDE5A62FD8FB7 /* [CP] Check Pods Manifest.lock */ = {
			isa = PBXShellScriptBuildPhase;
			buildActionMask = 2147483647;
			files = (
			);
			inputPaths = (
			);
			name = "[CP] Check Pods Manifest.lock";
			outputPaths = (
			);
			runOnlyForDeploymentPostprocessing = 0;
			shellPath = /bin/sh;
			shellScript = "diff \"${PODS_PODFILE_DIR_PATH}/Podfile.lock\" \"${PODS_ROOT}/Manifest.lock\" > /dev/null\nif [ $? != 0 ] ; then\n    # print error to STDERR\n    echo \"error: The sandbox is not in sync with the Podfile.lock. Run 'pod install' or update your CocoaPods installation.\" >&2\n    exit 1\nfi\n";
			showEnvVarsInLog = 0;
		};
		BF7DD1E83825C1D52B868983 /* [CP] Copy Pods Resources */ = {
			isa = PBXShellScriptBuildPhase;
			buildActionMask = 2147483647;
			files = (
			);
			inputPaths = (
			);
			name = "[CP] Copy Pods Resources";
			outputPaths = (
			);
			runOnlyForDeploymentPostprocessing = 0;
			shellPath = /bin/sh;
			shellScript = "\"${SRCROOT}/Pods/Target Support Files/Pods-SpeculidTests/Pods-SpeculidTests-resources.sh\"\n";
			showEnvVarsInLog = 0;
		};
		CD1D04F255007577F6F62838 /* [CP] Copy Pods Resources */ = {
			isa = PBXShellScriptBuildPhase;
			buildActionMask = 2147483647;
			files = (
			);
			inputPaths = (
			);
			name = "[CP] Copy Pods Resources";
			outputPaths = (
			);
			runOnlyForDeploymentPostprocessing = 0;
			shellPath = /bin/sh;
			shellScript = "\"${SRCROOT}/Pods/Target Support Files/Pods-Speculid-App-Speculid/Pods-Speculid-App-Speculid-resources.sh\"\n";
			showEnvVarsInLog = 0;
		};
		FC6E4DC6F306E5D5F16C94E6 /* [CP] Check Pods Manifest.lock */ = {
			isa = PBXShellScriptBuildPhase;
			buildActionMask = 2147483647;
			files = (
			);
			inputPaths = (
			);
			name = "[CP] Check Pods Manifest.lock";
			outputPaths = (
			);
			runOnlyForDeploymentPostprocessing = 0;
			shellPath = /bin/sh;
			shellScript = "diff \"${PODS_PODFILE_DIR_PATH}/Podfile.lock\" \"${PODS_ROOT}/Manifest.lock\" > /dev/null\nif [ $? != 0 ] ; then\n    # print error to STDERR\n    echo \"error: The sandbox is not in sync with the Podfile.lock. Run 'pod install' or update your CocoaPods installation.\" >&2\n    exit 1\nfi\n";
			showEnvVarsInLog = 0;
		};
/* End PBXShellScriptBuildPhase section */

/* Begin PBXSourcesBuildPhase section */
		B310EE311D94BF6D00C4A30E /* Sources */ = {
			isa = PBXSourcesBuildPhase;
			buildActionMask = 2147483647;
			files = (
				B343887B1DB035C3003CB3BC /* SpeculidApplication.swift in Sources */,
				B32AD7CC1D98307200B871CE /* ImageConversionTaskProtocol.swift in Sources */,
				B38751C31F7FAB7700032196 /* ImageConversionSetBuilderProtocol.swift in Sources */,
				B36AD1BC1DB6C1E100D33AD7 /* AnalyticsEventProtocol.swift in Sources */,
				B38F734D1DA2A928008469FE /* Speculid.swift in Sources */,
				B34201CC1D99A3BD004C49D6 /* SpeculidSpecificationsProtocol.swift in Sources */,
				B30005C51DB52FCD000A8166 /* ConfiguredApplicationPathDataSource.swift in Sources */,
				B34201CE1D99A3F5004C49D6 /* ImageSpecificationProtocol.swift in Sources */,
				B36AD1BA1DB6C1B400D33AD7 /* AnalyticsParameterDictionary.swift in Sources */,
				B36AD1C01DB6C24600D33AD7 /* ConversionResult.swift in Sources */,
				B32AD7C61D982E8D00B871CE /* ProcessImageConversionTask.swift in Sources */,
				B34201D01D99A5CD004C49D6 /* ImageIdiom.swift in Sources */,
				B3EDA6641D98A16A00F4E77F /* SpeculidBuilderProtocol.swift in Sources */,
				B3B746FE1D974C4A0044809F /* SpeculidDocument.swift in Sources */,
				B36AD1B81DB6C19D00D33AD7 /* AnalyticsParameterKey.swift in Sources */,
				B3B747001D9751080044809F /* ImageSpecification.swift in Sources */,
				B30005C31DB52F84000A8166 /* DefaultApplicationPathDataSource.swift in Sources */,
				B38751C51F7FAB9400032196 /* ImageConversionSetProtocol.swift in Sources */,
				B36AD1BE1DB6C20900D33AD7 /* GeometryValue.swift in Sources */,
				B32AD7CA1D982F7F00B871CE /* ImageConversionBuilderProtocol.swift in Sources */,
				B3314EFB1F7D7A2F0084AB6D /* String.swift in Sources */,
				B33D98281DB5AED400CB21C3 /* AnalyticsSessionManagerProtocol.swift in Sources */,
				B33D98221DB5A28200CB21C3 /* AnalyticsTrackerProtocol.swift in Sources */,
				B362A4241D9BFCCB00FF74FC /* Geometry.swift in Sources */,
				B34201CA1D99A379004C49D6 /* SpeculidDocumentProtocol.swift in Sources */,
				B33D982A1DB5B0A700CB21C3 /* AnalyticsConfiguration.swift in Sources */,
				B3DC29A81D9AAE1D00646E86 /* MissingRequiredInstallationError.swift in Sources */,
				B3EE812F1DB6626900F0D9A7 /* ClientIdentifier.swift in Sources */,
				B3951DA11DA4319B00A6FCF2 /* ProcessProtocol.swift in Sources */,
				B34388791DB006BE003CB3BC /* SpeculidArgumentsProtocol.swift in Sources */,
				B32AD7CE1D98453E00B871CE /* SpeculidConfiguration.swift in Sources */,
				B32AD7C41D98112100B871CE /* SpeculidSpecifications.swift in Sources */,
				B36AD1C21DB6C3AB00D33AD7 /* ApplicationPathDictionary.swift in Sources */,
				B342016B1D997602004C49D6 /* CGFloat.swift in Sources */,
				B362A4281D9C0B4C00FF74FC /* GeometryProtocol.swift in Sources */,
				B34201D21D99A5EA004C49D6 /* ProcessError.swift in Sources */,
				B3DC29A41D9AAC4E00646E86 /* ArrayError.swift in Sources */,
				B3880DE41E0AB5180093117D /* NSColor.swift in Sources */,
				B37996B91DB7E36C00B8CA3B /* SearchApplicationPathDataSource.swift in Sources */,
				B32AD7C81D982E9F00B871CE /* ImageConversionBuilder.swift in Sources */,
				B34388771DB0061C003CB3BC /* SpeculidApplicationProtocol.swift in Sources */,
				B33D98261DB5AEBE00CB21C3 /* AnalyticsConfigurationProtocol.swift in Sources */,
				B38751C71F7FAC2C00032196 /* ImageConversionSetBuilder.swift in Sources */,
				B34507841D9E9FD900C80225 /* VCS.swift in Sources */,
				B3EDA6621D98A13F00F4E77F /* SpeculidBuilder.swift in Sources */,
				B3EDA6601D985ACA00F4E77F /* SpeculidConfigurationProtocol.swift in Sources */,
				B362A4261D9C0B4000FF74FC /* ScaledGeometry.swift in Sources */,
				B33D98241DB5A74A00CB21C3 /* AnalyticsTracker.swift in Sources */,
				B30005C01DB518B2000A8166 /* ApplicationPathDataSource.swift in Sources */,
				B351B8161F7FB0BB00D02F78 /* CollectionConversionBuilder.swift in Sources */,
				B36AD1C41DB6C3C100D33AD7 /* ApplicationPath.swift in Sources */,
				B3EE812D1DB6624A00F0D9A7 /* ClientIdentifierDelegate.swift in Sources */,
				B33D982C1DB5B17300CB21C3 /* AnalyticsSessionManager.swift in Sources */,
			);
			runOnlyForDeploymentPostprocessing = 0;
		};
		B310EE3B1D94BF6D00C4A30E /* Sources */ = {
			isa = PBXSourcesBuildPhase;
			buildActionMask = 2147483647;
			files = (
				B3951DA41DA4334A00A6FCF2 /* ProcessImageConversionTaskTests.swift in Sources */,
				B310EE451D94BF6D00C4A30E /* SpeculidTests.swift in Sources */,
				B3951DA61DA4395600A6FCF2 /* ImageConversionBuilderTests.swift in Sources */,
				B346F7071DB7A35000CA74C0 /* ApplicationPathDataSourceTest.swift in Sources */,
			);
			runOnlyForDeploymentPostprocessing = 0;
		};
		B31E04CB1F7D39F10087889E /* Sources */ = {
			isa = PBXSourcesBuildPhase;
			buildActionMask = 2147483647;
			files = (
				B31E04D41F7D39F10087889E /* SpecCarioInterop.m in Sources */,
				B31E04DB1F7D3A130087889E /* RSVG.m in Sources */,
			);
			runOnlyForDeploymentPostprocessing = 0;
		};
		B38085F51D9AA76E000BC05A /* Sources */ = {
			isa = PBXSourcesBuildPhase;
			buildActionMask = 2147483647;
			files = (
				B38086091D9AA78E000BC05A /* main.swift in Sources */,
			);
			runOnlyForDeploymentPostprocessing = 0;
		};
/* End PBXSourcesBuildPhase section */

/* Begin PBXTargetDependency section */
		B310EE421D94BF6D00C4A30E /* PBXTargetDependency */ = {
			isa = PBXTargetDependency;
			target = B310EE351D94BF6D00C4A30E /* Speculid */;
			targetProxy = B310EE411D94BF6D00C4A30E /* PBXContainerItemProxy */;
		};
		B380860D1D9AA7B2000BC05A /* PBXTargetDependency */ = {
			isa = PBXTargetDependency;
			target = B310EE351D94BF6D00C4A30E /* Speculid */;
			targetProxy = B380860C1D9AA7B2000BC05A /* PBXContainerItemProxy */;
		};
		B38F734F1DA2AA2B008469FE /* PBXTargetDependency */ = {
			isa = PBXTargetDependency;
			target = B38085F81D9AA76E000BC05A /* Speculid-App */;
			targetProxy = B38F734E1DA2AA2B008469FE /* PBXContainerItemProxy */;
		};
		B3F925411F7E79BC00FFD4B8 /* PBXTargetDependency */ = {
			isa = PBXTargetDependency;
			target = B3F9253B1F7E793A00FFD4B8 /* SpecCarioInterop-Flags */;
			targetProxy = B3F925401F7E79BC00FFD4B8 /* PBXContainerItemProxy */;
		};
/* End PBXTargetDependency section */

/* Begin XCBuildConfiguration section */
		B310EE2F1D94BF5000C4A30E /* Debug */ = {
			isa = XCBuildConfiguration;
			buildSettings = {
				CLANG_WARN_BLOCK_CAPTURE_AUTORELEASING = YES;
				CLANG_WARN_BOOL_CONVERSION = YES;
				CLANG_WARN_COMMA = YES;
				CLANG_WARN_CONSTANT_CONVERSION = YES;
				CLANG_WARN_EMPTY_BODY = YES;
				CLANG_WARN_ENUM_CONVERSION = YES;
				CLANG_WARN_INFINITE_RECURSION = YES;
				CLANG_WARN_INT_CONVERSION = YES;
				CLANG_WARN_NON_LITERAL_NULL_CONVERSION = YES;
				CLANG_WARN_OBJC_LITERAL_CONVERSION = YES;
				CLANG_WARN_RANGE_LOOP_ANALYSIS = YES;
				CLANG_WARN_STRICT_PROTOTYPES = YES;
				CLANG_WARN_SUSPICIOUS_MOVE = YES;
				CLANG_WARN_UNREACHABLE_CODE = YES;
				CLANG_WARN__DUPLICATE_METHOD_MATCH = YES;
				CURRENT_PROJECT_VERSION = 1;
				DEFAULT_VERSION_SEMVER = 2.0.0;
				ENABLE_STRICT_OBJC_MSGSEND = YES;
				ENABLE_TESTABILITY = YES;
				GCC_NO_COMMON_BLOCKS = YES;
				GCC_WARN_64_TO_32_BIT_CONVERSION = YES;
				GCC_WARN_ABOUT_RETURN_TYPE = YES;
				GCC_WARN_UNDECLARED_SELECTOR = YES;
				GCC_WARN_UNINITIALIZED_AUTOS = YES;
				GCC_WARN_UNUSED_FUNCTION = YES;
				GCC_WARN_UNUSED_VARIABLE = YES;
				MACOSX_DEPLOYMENT_TARGET = 10.10;
				ONLY_ACTIVE_ARCH = YES;
				SWIFT_ACTIVE_COMPILATION_CONDITIONS = "BETA DEBUG";
			};
			name = Debug;
		};
		B310EE301D94BF5000C4A30E /* Release */ = {
			isa = XCBuildConfiguration;
			buildSettings = {
				CLANG_WARN_BLOCK_CAPTURE_AUTORELEASING = YES;
				CLANG_WARN_BOOL_CONVERSION = YES;
				CLANG_WARN_COMMA = YES;
				CLANG_WARN_CONSTANT_CONVERSION = YES;
				CLANG_WARN_EMPTY_BODY = YES;
				CLANG_WARN_ENUM_CONVERSION = YES;
				CLANG_WARN_INFINITE_RECURSION = YES;
				CLANG_WARN_INT_CONVERSION = YES;
				CLANG_WARN_NON_LITERAL_NULL_CONVERSION = YES;
				CLANG_WARN_OBJC_LITERAL_CONVERSION = YES;
				CLANG_WARN_RANGE_LOOP_ANALYSIS = YES;
				CLANG_WARN_STRICT_PROTOTYPES = YES;
				CLANG_WARN_SUSPICIOUS_MOVE = YES;
				CLANG_WARN_UNREACHABLE_CODE = YES;
				CLANG_WARN__DUPLICATE_METHOD_MATCH = YES;
				CURRENT_PROJECT_VERSION = 1;
				DEFAULT_VERSION_SEMVER = 2.0.0;
				ENABLE_STRICT_OBJC_MSGSEND = YES;
				GCC_NO_COMMON_BLOCKS = YES;
				GCC_WARN_64_TO_32_BIT_CONVERSION = YES;
				GCC_WARN_ABOUT_RETURN_TYPE = YES;
				GCC_WARN_UNDECLARED_SELECTOR = YES;
				GCC_WARN_UNINITIALIZED_AUTOS = YES;
				GCC_WARN_UNUSED_FUNCTION = YES;
				GCC_WARN_UNUSED_VARIABLE = YES;
				MACOSX_DEPLOYMENT_TARGET = 10.10;
				SWIFT_ACTIVE_COMPILATION_CONDITIONS = BETA;
				SWIFT_OPTIMIZATION_LEVEL = "-Owholemodule";
			};
			name = Release;
		};
		B310EE491D94BF6D00C4A30E /* Debug */ = {
			isa = XCBuildConfiguration;
			baseConfigurationReference = 1F3FED6FBB20B152C826989D /* Pods-Speculid-App-Speculid.debug.xcconfig */;
			buildSettings = {
				ALWAYS_SEARCH_USER_PATHS = NO;
				APPLICATION_EXTENSION_API_ONLY = YES;
				CLANG_ANALYZER_NONNULL = YES;
				CLANG_CXX_LANGUAGE_STANDARD = "gnu++0x";
				CLANG_CXX_LIBRARY = "libc++";
				CLANG_ENABLE_MODULES = YES;
				CLANG_ENABLE_OBJC_ARC = YES;
				CLANG_WARN_BOOL_CONVERSION = YES;
				CLANG_WARN_CONSTANT_CONVERSION = YES;
				CLANG_WARN_DIRECT_OBJC_ISA_USAGE = YES_ERROR;
				CLANG_WARN_DOCUMENTATION_COMMENTS = YES;
				CLANG_WARN_EMPTY_BODY = YES;
				CLANG_WARN_ENUM_CONVERSION = YES;
				CLANG_WARN_INFINITE_RECURSION = YES;
				CLANG_WARN_INT_CONVERSION = YES;
				CLANG_WARN_OBJC_ROOT_CLASS = YES_ERROR;
				CLANG_WARN_SUSPICIOUS_MOVES = YES;
				CLANG_WARN_UNREACHABLE_CODE = YES;
				CLANG_WARN__DUPLICATE_METHOD_MATCH = YES;
				COMBINE_HIDPI_IMAGES = YES;
				COPY_PHASE_STRIP = NO;
				DEBUG_INFORMATION_FORMAT = dwarf;
				DEFINES_MODULE = YES;
				DYLIB_INSTALL_NAME_BASE = "@rpath";
				ENABLE_STRICT_OBJC_MSGSEND = YES;
				ENABLE_TESTABILITY = YES;
				FRAMEWORK_VERSION = A;
				GCC_C_LANGUAGE_STANDARD = gnu99;
				GCC_DYNAMIC_NO_PIC = NO;
				GCC_NO_COMMON_BLOCKS = YES;
				GCC_OPTIMIZATION_LEVEL = 0;
				GCC_PREPROCESSOR_DEFINITIONS = (
					"DEBUG=1",
					"$(inherited)",
				);
				GCC_WARN_64_TO_32_BIT_CONVERSION = YES;
				GCC_WARN_ABOUT_RETURN_TYPE = YES_ERROR;
				GCC_WARN_UNDECLARED_SELECTOR = YES;
				GCC_WARN_UNINITIALIZED_AUTOS = YES_AGGRESSIVE;
				GCC_WARN_UNUSED_FUNCTION = YES;
				GCC_WARN_UNUSED_VARIABLE = YES;
				INFOPLIST_FILE = "$(SRCROOT)/framework/Info.plist";
				INSTALL_PATH = "$(LOCAL_LIBRARY_DIR)/Frameworks";
				LD_RUNPATH_SEARCH_PATHS = "$(inherited) @executable_path/../Frameworks @loader_path/Frameworks";
				MTL_ENABLE_DEBUG_INFO = YES;
				ONLY_ACTIVE_ARCH = YES;
				PRODUCT_BUNDLE_IDENTIFIER = com.brightdigit.Speculid;
				PRODUCT_NAME = "$(TARGET_NAME)";
				SDKROOT = macosx;
				SKIP_INSTALL = YES;
				SWIFT_OPTIMIZATION_LEVEL = "-Onone";
				SWIFT_SWIFT3_OBJC_INFERENCE = On;
				SWIFT_VERSION = 4.0;
				VERSIONING_SYSTEM = "apple-generic";
				VERSION_INFO_PREFIX = "";
			};
			name = Debug;
		};
		B310EE4A1D94BF6D00C4A30E /* Release */ = {
			isa = XCBuildConfiguration;
			baseConfigurationReference = 16C110D021B16DF74774248F /* Pods-Speculid-App-Speculid.release.xcconfig */;
			buildSettings = {
				ALWAYS_SEARCH_USER_PATHS = NO;
				APPLICATION_EXTENSION_API_ONLY = YES;
				CLANG_ANALYZER_NONNULL = YES;
				CLANG_CXX_LANGUAGE_STANDARD = "gnu++0x";
				CLANG_CXX_LIBRARY = "libc++";
				CLANG_ENABLE_MODULES = YES;
				CLANG_ENABLE_OBJC_ARC = YES;
				CLANG_WARN_BOOL_CONVERSION = YES;
				CLANG_WARN_CONSTANT_CONVERSION = YES;
				CLANG_WARN_DIRECT_OBJC_ISA_USAGE = YES_ERROR;
				CLANG_WARN_DOCUMENTATION_COMMENTS = YES;
				CLANG_WARN_EMPTY_BODY = YES;
				CLANG_WARN_ENUM_CONVERSION = YES;
				CLANG_WARN_INFINITE_RECURSION = YES;
				CLANG_WARN_INT_CONVERSION = YES;
				CLANG_WARN_OBJC_ROOT_CLASS = YES_ERROR;
				CLANG_WARN_SUSPICIOUS_MOVES = YES;
				CLANG_WARN_UNREACHABLE_CODE = YES;
				CLANG_WARN__DUPLICATE_METHOD_MATCH = YES;
				COMBINE_HIDPI_IMAGES = YES;
				COPY_PHASE_STRIP = NO;
				DEBUG_INFORMATION_FORMAT = "dwarf-with-dsym";
				DEFINES_MODULE = YES;
				DYLIB_INSTALL_NAME_BASE = "@rpath";
				ENABLE_NS_ASSERTIONS = NO;
				ENABLE_STRICT_OBJC_MSGSEND = YES;
				FRAMEWORK_VERSION = A;
				GCC_C_LANGUAGE_STANDARD = gnu99;
				GCC_NO_COMMON_BLOCKS = YES;
				GCC_WARN_64_TO_32_BIT_CONVERSION = YES;
				GCC_WARN_ABOUT_RETURN_TYPE = YES_ERROR;
				GCC_WARN_UNDECLARED_SELECTOR = YES;
				GCC_WARN_UNINITIALIZED_AUTOS = YES_AGGRESSIVE;
				GCC_WARN_UNUSED_FUNCTION = YES;
				GCC_WARN_UNUSED_VARIABLE = YES;
				INFOPLIST_FILE = "$(SRCROOT)/framework/Info.plist";
				INSTALL_PATH = "$(LOCAL_LIBRARY_DIR)/Frameworks";
				LD_RUNPATH_SEARCH_PATHS = "$(inherited) @executable_path/../Frameworks @loader_path/Frameworks";
				MTL_ENABLE_DEBUG_INFO = NO;
				PRODUCT_BUNDLE_IDENTIFIER = com.brightdigit.Speculid;
				PRODUCT_NAME = "$(TARGET_NAME)";
				SDKROOT = macosx;
				SKIP_INSTALL = YES;
				SWIFT_OPTIMIZATION_LEVEL = "-Owholemodule";
				SWIFT_SWIFT3_OBJC_INFERENCE = On;
				SWIFT_VERSION = 4.0;
				VERSIONING_SYSTEM = "apple-generic";
				VERSION_INFO_PREFIX = "";
			};
			name = Release;
		};
		B310EE4C1D94BF6D00C4A30E /* Debug */ = {
			isa = XCBuildConfiguration;
			baseConfigurationReference = 2DB7226F66B034963BD7F05D /* Pods-SpeculidTests.debug.xcconfig */;
			buildSettings = {
				ALWAYS_EMBED_SWIFT_STANDARD_LIBRARIES = YES;
				ALWAYS_SEARCH_USER_PATHS = NO;
				CLANG_ANALYZER_NONNULL = YES;
				CLANG_CXX_LANGUAGE_STANDARD = "gnu++0x";
				CLANG_CXX_LIBRARY = "libc++";
				CLANG_ENABLE_MODULES = YES;
				CLANG_ENABLE_OBJC_ARC = YES;
				CLANG_WARN_BOOL_CONVERSION = YES;
				CLANG_WARN_CONSTANT_CONVERSION = YES;
				CLANG_WARN_DIRECT_OBJC_ISA_USAGE = YES_ERROR;
				CLANG_WARN_DOCUMENTATION_COMMENTS = YES;
				CLANG_WARN_EMPTY_BODY = YES;
				CLANG_WARN_ENUM_CONVERSION = YES;
				CLANG_WARN_INFINITE_RECURSION = YES;
				CLANG_WARN_INT_CONVERSION = YES;
				CLANG_WARN_OBJC_ROOT_CLASS = YES_ERROR;
				CLANG_WARN_SUSPICIOUS_MOVES = YES;
				CLANG_WARN_UNREACHABLE_CODE = YES;
				CLANG_WARN__DUPLICATE_METHOD_MATCH = YES;
				CODE_SIGN_STYLE = Manual;
				COMBINE_HIDPI_IMAGES = YES;
				COPY_PHASE_STRIP = NO;
				DEBUG_INFORMATION_FORMAT = dwarf;
				DEVELOPMENT_TEAM = "";
				ENABLE_STRICT_OBJC_MSGSEND = YES;
				ENABLE_TESTABILITY = YES;
				GCC_C_LANGUAGE_STANDARD = gnu99;
				GCC_DYNAMIC_NO_PIC = NO;
				GCC_NO_COMMON_BLOCKS = YES;
				GCC_OPTIMIZATION_LEVEL = 0;
				GCC_PREPROCESSOR_DEFINITIONS = (
					"DEBUG=1",
					"$(inherited)",
				);
				GCC_WARN_64_TO_32_BIT_CONVERSION = YES;
				GCC_WARN_ABOUT_RETURN_TYPE = YES_ERROR;
				GCC_WARN_UNDECLARED_SELECTOR = YES;
				GCC_WARN_UNINITIALIZED_AUTOS = YES_AGGRESSIVE;
				GCC_WARN_UNUSED_FUNCTION = YES;
				GCC_WARN_UNUSED_VARIABLE = YES;
				INFOPLIST_FILE = tests/Info.plist;
				LD_RUNPATH_SEARCH_PATHS = "$(inherited) @executable_path/../Frameworks @loader_path/../Frameworks";
				MACOSX_DEPLOYMENT_TARGET = 10.12;
				MTL_ENABLE_DEBUG_INFO = YES;
				ONLY_ACTIVE_ARCH = YES;
				PRODUCT_BUNDLE_IDENTIFIER = com.brightdigit.SpeculidTests;
				PRODUCT_NAME = "$(TARGET_NAME)";
				PROVISIONING_PROFILE_SPECIFIER = "";
				SDKROOT = macosx;
				SWIFT_OPTIMIZATION_LEVEL = "-Onone";
				SWIFT_SWIFT3_OBJC_INFERENCE = On;
				SWIFT_VERSION = 4.0;
			};
			name = Debug;
		};
		B310EE4D1D94BF6D00C4A30E /* Release */ = {
			isa = XCBuildConfiguration;
			baseConfigurationReference = 3B8747C1F338E0ADE9DFD69B /* Pods-SpeculidTests.release.xcconfig */;
			buildSettings = {
				ALWAYS_EMBED_SWIFT_STANDARD_LIBRARIES = YES;
				ALWAYS_SEARCH_USER_PATHS = NO;
				CLANG_ANALYZER_NONNULL = YES;
				CLANG_CXX_LANGUAGE_STANDARD = "gnu++0x";
				CLANG_CXX_LIBRARY = "libc++";
				CLANG_ENABLE_MODULES = YES;
				CLANG_ENABLE_OBJC_ARC = YES;
				CLANG_WARN_BOOL_CONVERSION = YES;
				CLANG_WARN_CONSTANT_CONVERSION = YES;
				CLANG_WARN_DIRECT_OBJC_ISA_USAGE = YES_ERROR;
				CLANG_WARN_DOCUMENTATION_COMMENTS = YES;
				CLANG_WARN_EMPTY_BODY = YES;
				CLANG_WARN_ENUM_CONVERSION = YES;
				CLANG_WARN_INFINITE_RECURSION = YES;
				CLANG_WARN_INT_CONVERSION = YES;
				CLANG_WARN_OBJC_ROOT_CLASS = YES_ERROR;
				CLANG_WARN_SUSPICIOUS_MOVES = YES;
				CLANG_WARN_UNREACHABLE_CODE = YES;
				CLANG_WARN__DUPLICATE_METHOD_MATCH = YES;
				CODE_SIGN_STYLE = Manual;
				COMBINE_HIDPI_IMAGES = YES;
				COPY_PHASE_STRIP = NO;
				DEBUG_INFORMATION_FORMAT = "dwarf-with-dsym";
				DEVELOPMENT_TEAM = "";
				ENABLE_NS_ASSERTIONS = NO;
				ENABLE_STRICT_OBJC_MSGSEND = YES;
				GCC_C_LANGUAGE_STANDARD = gnu99;
				GCC_NO_COMMON_BLOCKS = YES;
				GCC_WARN_64_TO_32_BIT_CONVERSION = YES;
				GCC_WARN_ABOUT_RETURN_TYPE = YES_ERROR;
				GCC_WARN_UNDECLARED_SELECTOR = YES;
				GCC_WARN_UNINITIALIZED_AUTOS = YES_AGGRESSIVE;
				GCC_WARN_UNUSED_FUNCTION = YES;
				GCC_WARN_UNUSED_VARIABLE = YES;
				INFOPLIST_FILE = tests/Info.plist;
				LD_RUNPATH_SEARCH_PATHS = "$(inherited) @executable_path/../Frameworks @loader_path/../Frameworks";
				MACOSX_DEPLOYMENT_TARGET = 10.12;
				MTL_ENABLE_DEBUG_INFO = NO;
				PRODUCT_BUNDLE_IDENTIFIER = com.brightdigit.SpeculidTests;
				PRODUCT_NAME = "$(TARGET_NAME)";
				PROVISIONING_PROFILE_SPECIFIER = "";
				SDKROOT = macosx;
				SWIFT_OPTIMIZATION_LEVEL = "-Owholemodule";
				SWIFT_SWIFT3_OBJC_INFERENCE = On;
				SWIFT_VERSION = 4.0;
			};
			name = Release;
		};
		B31E04D51F7D39F10087889E /* Debug */ = {
			isa = XCBuildConfiguration;
			baseConfigurationReference = B31E04DD1F7D3B3F0087889E /* SpecCarioInterop.xcconfig */;
			buildSettings = {
				ALWAYS_SEARCH_USER_PATHS = NO;
				CLANG_ANALYZER_NONNULL = YES;
				CLANG_ANALYZER_NUMBER_OBJECT_CONVERSION = YES_AGGRESSIVE;
				CLANG_CXX_LANGUAGE_STANDARD = "gnu++14";
				CLANG_CXX_LIBRARY = "libc++";
				CLANG_ENABLE_MODULES = YES;
				CLANG_ENABLE_OBJC_ARC = YES;
				CLANG_WARN_BLOCK_CAPTURE_AUTORELEASING = YES;
				CLANG_WARN_COMMA = YES;
				CLANG_WARN_DIRECT_OBJC_ISA_USAGE = YES_ERROR;
				CLANG_WARN_DOCUMENTATION_COMMENTS = YES;
				CLANG_WARN_NON_LITERAL_NULL_CONVERSION = YES;
				CLANG_WARN_OBJC_LITERAL_CONVERSION = YES;
				CLANG_WARN_OBJC_ROOT_CLASS = YES_ERROR;
				CLANG_WARN_RANGE_LOOP_ANALYSIS = YES;
				CLANG_WARN_STRICT_PROTOTYPES = YES;
				CLANG_WARN_UNGUARDED_AVAILABILITY = YES_AGGRESSIVE;
				CODE_SIGN_IDENTITY = "Mac Developer";
				CODE_SIGN_STYLE = Automatic;
				COPY_PHASE_STRIP = NO;
				DEBUG_INFORMATION_FORMAT = dwarf;
				DEVELOPMENT_TEAM = MLT7M394S7;
				DYLIB_COMPATIBILITY_VERSION = 1;
				DYLIB_CURRENT_VERSION = 1;
				EXECUTABLE_PREFIX = lib;
				GCC_C_LANGUAGE_STANDARD = gnu11;
				GCC_DYNAMIC_NO_PIC = NO;
				GCC_OPTIMIZATION_LEVEL = 0;
				GCC_PREPROCESSOR_DEFINITIONS = (
					"DEBUG=1",
					"$(inherited)",
				);
				GCC_WARN_ABOUT_RETURN_TYPE = YES_ERROR;
				GCC_WARN_UNINITIALIZED_AUTOS = YES_AGGRESSIVE;
				MACOSX_DEPLOYMENT_TARGET = 10.12;
				MTL_ENABLE_DEBUG_INFO = YES;
				PRODUCT_NAME = "$(TARGET_NAME)";
				PROVISIONING_PROFILE_SPECIFIER = "";
				SDKROOT = macosx;
			};
			name = Debug;
		};
		B31E04D61F7D39F10087889E /* Release */ = {
			isa = XCBuildConfiguration;
			baseConfigurationReference = B31E04DD1F7D3B3F0087889E /* SpecCarioInterop.xcconfig */;
			buildSettings = {
				ALWAYS_SEARCH_USER_PATHS = NO;
				CLANG_ANALYZER_NONNULL = YES;
				CLANG_ANALYZER_NUMBER_OBJECT_CONVERSION = YES_AGGRESSIVE;
				CLANG_CXX_LANGUAGE_STANDARD = "gnu++14";
				CLANG_CXX_LIBRARY = "libc++";
				CLANG_ENABLE_MODULES = YES;
				CLANG_ENABLE_OBJC_ARC = YES;
				CLANG_WARN_BLOCK_CAPTURE_AUTORELEASING = YES;
				CLANG_WARN_COMMA = YES;
				CLANG_WARN_DIRECT_OBJC_ISA_USAGE = YES_ERROR;
				CLANG_WARN_DOCUMENTATION_COMMENTS = YES;
				CLANG_WARN_NON_LITERAL_NULL_CONVERSION = YES;
				CLANG_WARN_OBJC_LITERAL_CONVERSION = YES;
				CLANG_WARN_OBJC_ROOT_CLASS = YES_ERROR;
				CLANG_WARN_RANGE_LOOP_ANALYSIS = YES;
				CLANG_WARN_STRICT_PROTOTYPES = YES;
				CLANG_WARN_UNGUARDED_AVAILABILITY = YES_AGGRESSIVE;
				CODE_SIGN_IDENTITY = "Mac Developer";
				CODE_SIGN_STYLE = Automatic;
				COPY_PHASE_STRIP = NO;
				DEBUG_INFORMATION_FORMAT = "dwarf-with-dsym";
				DEVELOPMENT_TEAM = MLT7M394S7;
				DYLIB_COMPATIBILITY_VERSION = 1;
				DYLIB_CURRENT_VERSION = 1;
				ENABLE_NS_ASSERTIONS = NO;
				EXECUTABLE_PREFIX = lib;
				GCC_C_LANGUAGE_STANDARD = gnu11;
				GCC_WARN_ABOUT_RETURN_TYPE = YES_ERROR;
				GCC_WARN_UNINITIALIZED_AUTOS = YES_AGGRESSIVE;
				MACOSX_DEPLOYMENT_TARGET = 10.12;
				MTL_ENABLE_DEBUG_INFO = NO;
				PRODUCT_NAME = "$(TARGET_NAME)";
				PROVISIONING_PROFILE_SPECIFIER = "";
				SDKROOT = macosx;
			};
			name = Release;
		};
		B38086061D9AA76E000BC05A /* Debug */ = {
			isa = XCBuildConfiguration;
			baseConfigurationReference = 407E8C50424541751746E1EB /* Pods-Speculid-App.debug.xcconfig */;
			buildSettings = {
				ALWAYS_EMBED_SWIFT_STANDARD_LIBRARIES = YES;
				ALWAYS_SEARCH_USER_PATHS = NO;
				ASSETCATALOG_COMPILER_APPICON_NAME = AppIcon;
				CLANG_ANALYZER_NONNULL = YES;
				CLANG_CXX_LANGUAGE_STANDARD = "gnu++0x";
				CLANG_CXX_LIBRARY = "libc++";
				CLANG_ENABLE_MODULES = YES;
				CLANG_ENABLE_OBJC_ARC = YES;
				CLANG_WARN_DIRECT_OBJC_ISA_USAGE = YES_ERROR;
				CLANG_WARN_DOCUMENTATION_COMMENTS = YES;
				CLANG_WARN_OBJC_ROOT_CLASS = YES_ERROR;
				CLANG_WARN_SUSPICIOUS_MOVES = YES;
				COMBINE_HIDPI_IMAGES = YES;
				COPY_PHASE_STRIP = NO;
				DEBUG_INFORMATION_FORMAT = dwarf;
				GCC_C_LANGUAGE_STANDARD = gnu99;
				GCC_DYNAMIC_NO_PIC = NO;
				GCC_OPTIMIZATION_LEVEL = 0;
				GCC_PREPROCESSOR_DEFINITIONS = (
					"DEBUG=1",
					"$(inherited)",
				);
				GCC_WARN_ABOUT_RETURN_TYPE = YES_ERROR;
				GCC_WARN_UNINITIALIZED_AUTOS = YES_AGGRESSIVE;
				INFOPLIST_FILE = "$(SRCROOT)/application/Info.plist";
				LD_RUNPATH_SEARCH_PATHS = "$(inherited) @executable_path/../Frameworks";
				MTL_ENABLE_DEBUG_INFO = YES;
				PRODUCT_BUNDLE_IDENTIFIER = "com.brightdigit.Speculid-App";
				PRODUCT_MODULE_NAME = "$(TARGET_NAME:c99extidentifier)";
				PRODUCT_NAME = Speculid;
				SDKROOT = macosx;
				SWIFT_OPTIMIZATION_LEVEL = "-Onone";
				SWIFT_SWIFT3_OBJC_INFERENCE = On;
				SWIFT_VERSION = 4.0;
			};
			name = Debug;
		};
		B38086071D9AA76E000BC05A /* Release */ = {
			isa = XCBuildConfiguration;
			baseConfigurationReference = 4931B3201EAC0FD92C614AF8 /* Pods-Speculid-App.release.xcconfig */;
			buildSettings = {
				ALWAYS_EMBED_SWIFT_STANDARD_LIBRARIES = YES;
				ALWAYS_SEARCH_USER_PATHS = NO;
				ASSETCATALOG_COMPILER_APPICON_NAME = AppIcon;
				CLANG_ANALYZER_NONNULL = YES;
				CLANG_CXX_LANGUAGE_STANDARD = "gnu++0x";
				CLANG_CXX_LIBRARY = "libc++";
				CLANG_ENABLE_MODULES = YES;
				CLANG_ENABLE_OBJC_ARC = YES;
				CLANG_WARN_DIRECT_OBJC_ISA_USAGE = YES_ERROR;
				CLANG_WARN_DOCUMENTATION_COMMENTS = YES;
				CLANG_WARN_OBJC_ROOT_CLASS = YES_ERROR;
				CLANG_WARN_SUSPICIOUS_MOVES = YES;
				COMBINE_HIDPI_IMAGES = YES;
				COPY_PHASE_STRIP = NO;
				DEBUG_INFORMATION_FORMAT = "dwarf-with-dsym";
				ENABLE_NS_ASSERTIONS = NO;
				GCC_C_LANGUAGE_STANDARD = gnu99;
				GCC_WARN_ABOUT_RETURN_TYPE = YES_ERROR;
				GCC_WARN_UNINITIALIZED_AUTOS = YES_AGGRESSIVE;
				INFOPLIST_FILE = "$(SRCROOT)/application/Info.plist";
				LD_RUNPATH_SEARCH_PATHS = "$(inherited) @executable_path/../Frameworks";
				MTL_ENABLE_DEBUG_INFO = NO;
				PRODUCT_BUNDLE_IDENTIFIER = "com.brightdigit.Speculid-App";
				PRODUCT_MODULE_NAME = "$(TARGET_NAME:c99extidentifier)";
				PRODUCT_NAME = Speculid;
				SDKROOT = macosx;
				SWIFT_OPTIMIZATION_LEVEL = "-Owholemodule";
				SWIFT_SWIFT3_OBJC_INFERENCE = On;
				SWIFT_VERSION = 4.0;
			};
			name = Release;
		};
		B3F9253C1F7E793A00FFD4B8 /* Debug */ = {
			isa = XCBuildConfiguration;
			buildSettings = {
				CODE_SIGN_STYLE = Automatic;
				DEVELOPMENT_TEAM = MLT7M394S7;
				PRODUCT_NAME = "$(TARGET_NAME)";
			};
			name = Debug;
		};
		B3F9253D1F7E793A00FFD4B8 /* Release */ = {
			isa = XCBuildConfiguration;
			buildSettings = {
				CODE_SIGN_STYLE = Automatic;
				DEVELOPMENT_TEAM = MLT7M394S7;
				PRODUCT_NAME = "$(TARGET_NAME)";
			};
			name = Release;
		};
/* End XCBuildConfiguration section */

/* Begin XCConfigurationList section */
		B310EE2E1D94BF5000C4A30E /* Build configuration list for PBXProject "speculid" */ = {
			isa = XCConfigurationList;
			buildConfigurations = (
				B310EE2F1D94BF5000C4A30E /* Debug */,
				B310EE301D94BF5000C4A30E /* Release */,
			);
			defaultConfigurationIsVisible = 0;
			defaultConfigurationName = Release;
		};
		B310EE481D94BF6D00C4A30E /* Build configuration list for PBXNativeTarget "Speculid" */ = {
			isa = XCConfigurationList;
			buildConfigurations = (
				B310EE491D94BF6D00C4A30E /* Debug */,
				B310EE4A1D94BF6D00C4A30E /* Release */,
			);
			defaultConfigurationIsVisible = 0;
			defaultConfigurationName = Release;
		};
		B310EE4B1D94BF6D00C4A30E /* Build configuration list for PBXNativeTarget "SpeculidTests" */ = {
			isa = XCConfigurationList;
			buildConfigurations = (
				B310EE4C1D94BF6D00C4A30E /* Debug */,
				B310EE4D1D94BF6D00C4A30E /* Release */,
			);
			defaultConfigurationIsVisible = 0;
			defaultConfigurationName = Release;
		};
		B31E04D71F7D39F10087889E /* Build configuration list for PBXNativeTarget "SpecCarioInterop" */ = {
			isa = XCConfigurationList;
			buildConfigurations = (
				B31E04D51F7D39F10087889E /* Debug */,
				B31E04D61F7D39F10087889E /* Release */,
			);
			defaultConfigurationIsVisible = 0;
			defaultConfigurationName = Release;
		};
		B38086051D9AA76E000BC05A /* Build configuration list for PBXNativeTarget "Speculid-App" */ = {
			isa = XCConfigurationList;
			buildConfigurations = (
				B38086061D9AA76E000BC05A /* Debug */,
				B38086071D9AA76E000BC05A /* Release */,
			);
			defaultConfigurationIsVisible = 0;
			defaultConfigurationName = Release;
		};
		B3F9253E1F7E793A00FFD4B8 /* Build configuration list for PBXAggregateTarget "SpecCarioInterop-Flags" */ = {
			isa = XCConfigurationList;
			buildConfigurations = (
				B3F9253C1F7E793A00FFD4B8 /* Debug */,
				B3F9253D1F7E793A00FFD4B8 /* Release */,
			);
			defaultConfigurationIsVisible = 0;
			defaultConfigurationName = Release;
		};
/* End XCConfigurationList section */
	};
	rootObject = B310EE2B1D94BF5000C4A30E /* Project object */;
}
