// !$*UTF8*$!
{
	archiveVersion = 1;
	classes = {
	};
	objectVersion = 46;
	objects = {

/* Begin PBXAggregateTarget section */
		B38DDF171DA2DF0D005AA837 /* speculid */ = {
			isa = PBXAggregateTarget;
			buildConfigurationList = B38DDF1A1DA2DF0D005AA837 /* Build configuration list for PBXAggregateTarget "speculid" */;
			buildPhases = (
				B38DDF1B1DA2DF23005AA837 /* ShellScript */,
			);
			dependencies = (
			);
			name = speculid;
			productName = speculid;
		};
		B38DDF1E1DA2E339005AA837 /* assets */ = {
			isa = PBXAggregateTarget;
			buildConfigurationList = B38DDF1F1DA2E339005AA837 /* Build configuration list for PBXAggregateTarget "assets" */;
			buildPhases = (
				B38DDF241DA2E344005AA837 /* ShellScript */,
			);
			dependencies = (
				B38DDF231DA2E342005AA837 /* PBXTargetDependency */,
			);
			name = assets;
			productName = assets;
		};
		B38DDF251DA2E3E3005AA837 /* examples */ = {
			isa = PBXAggregateTarget;
			buildConfigurationList = B38DDF261DA2E3E3005AA837 /* Build configuration list for PBXAggregateTarget "examples" */;
			buildPhases = (
			);
			dependencies = (
				B38DDF2A1DA2E3EE005AA837 /* PBXTargetDependency */,
				B38DDF2C1DA2E3EE005AA837 /* PBXTargetDependency */,
				B38DDF2E1DA2E3EE005AA837 /* PBXTargetDependency */,
				B38DDF301DA2E3EE005AA837 /* PBXTargetDependency */,
			);
			name = examples;
			productName = examples;
		};
/* End PBXAggregateTarget section */

/* Begin PBXBuildFile section */
		B38F735F1DA2B357008469FE /* AppDelegate.swift in Sources */ = {isa = PBXBuildFile; fileRef = B38F735E1DA2B357008469FE /* AppDelegate.swift */; };
		B38F73641DA2B358008469FE /* MainMenu.xib in Resources */ = {isa = PBXBuildFile; fileRef = B38F73621DA2B358008469FE /* MainMenu.xib */; };
		B38F73701DA2B37B008469FE /* AppDelegate.swift in Sources */ = {isa = PBXBuildFile; fileRef = B38F736F1DA2B37B008469FE /* AppDelegate.swift */; };
		B38F73721DA2B37B008469FE /* ViewController.swift in Sources */ = {isa = PBXBuildFile; fileRef = B38F73711DA2B37B008469FE /* ViewController.swift */; };
		B38F73751DA2B37B008469FE /* Main.storyboard in Resources */ = {isa = PBXBuildFile; fileRef = B38F73731DA2B37B008469FE /* Main.storyboard */; };
		B38F737A1DA2B37B008469FE /* LaunchScreen.storyboard in Resources */ = {isa = PBXBuildFile; fileRef = B38F73781DA2B37B008469FE /* LaunchScreen.storyboard */; };
		B38F73851DA2B38C008469FE /* Interface.storyboard in Resources */ = {isa = PBXBuildFile; fileRef = B38F73831DA2B38C008469FE /* Interface.storyboard */; };
		B38F738E1DA2B38C008469FE /* speculid-example-watchos Extension.appex in Embed App Extensions */ = {isa = PBXBuildFile; fileRef = B38F738D1DA2B38C008469FE /* speculid-example-watchos Extension.appex */; settings = {ATTRIBUTES = (RemoveHeadersOnCopy, ); }; };
		B38F73931DA2B38C008469FE /* InterfaceController.swift in Sources */ = {isa = PBXBuildFile; fileRef = B38F73921DA2B38C008469FE /* InterfaceController.swift */; };
		B38F73951DA2B38C008469FE /* ExtensionDelegate.swift in Sources */ = {isa = PBXBuildFile; fileRef = B38F73941DA2B38C008469FE /* ExtensionDelegate.swift */; };
		B38F739B1DA2B38C008469FE /* speculid-example-watchos.app in Embed Watch Content */ = {isa = PBXBuildFile; fileRef = B38F73811DA2B38C008469FE /* speculid-example-watchos.app */; };
		B38F73BE1DA2B3AD008469FE /* AppDelegate.swift in Sources */ = {isa = PBXBuildFile; fileRef = B38F73BD1DA2B3AD008469FE /* AppDelegate.swift */; };
		B38F73C01DA2B3AD008469FE /* ViewController.swift in Sources */ = {isa = PBXBuildFile; fileRef = B38F73BF1DA2B3AD008469FE /* ViewController.swift */; };
		B38F73C31DA2B3AD008469FE /* Main.storyboard in Resources */ = {isa = PBXBuildFile; fileRef = B38F73C11DA2B3AD008469FE /* Main.storyboard */; };
		B38F73D11DA2B600008469FE /* Assets.xcassets in Resources */ = {isa = PBXBuildFile; fileRef = B38F73D01DA2B600008469FE /* Assets.xcassets */; };
		B38F73D81DA2C1F1008469FE /* layers.svg in Resources */ = {isa = PBXBuildFile; fileRef = B38F73D71DA2C1F1008469FE /* layers.svg */; };
/* End PBXBuildFile section */

/* Begin PBXContainerItemProxy section */
		B38DDF1C1DA2DF2D005AA837 /* PBXContainerItemProxy */ = {
			isa = PBXContainerItemProxy;
			containerPortal = B38F73511DA2AF53008469FE /* Project object */;
			proxyType = 1;
			remoteGlobalIDString = B38DDF171DA2DF0D005AA837;
			remoteInfo = speculid;
		};
		B38DDF221DA2E342005AA837 /* PBXContainerItemProxy */ = {
			isa = PBXContainerItemProxy;
			containerPortal = B38F73511DA2AF53008469FE /* Project object */;
			proxyType = 1;
			remoteGlobalIDString = B38DDF171DA2DF0D005AA837;
			remoteInfo = speculid;
		};
		B38DDF291DA2E3EE005AA837 /* PBXContainerItemProxy */ = {
			isa = PBXContainerItemProxy;
			containerPortal = B38F73511DA2AF53008469FE /* Project object */;
			proxyType = 1;
			remoteGlobalIDString = B38F735A1DA2B357008469FE;
			remoteInfo = "speculid-example-macos";
		};
		B38DDF2B1DA2E3EE005AA837 /* PBXContainerItemProxy */ = {
			isa = PBXContainerItemProxy;
			containerPortal = B38F73511DA2AF53008469FE /* Project object */;
			proxyType = 1;
			remoteGlobalIDString = B38F736C1DA2B37B008469FE;
			remoteInfo = "speculid-example-ios";
		};
		B38DDF2D1DA2E3EE005AA837 /* PBXContainerItemProxy */ = {
			isa = PBXContainerItemProxy;
			containerPortal = B38F73511DA2AF53008469FE /* Project object */;
			proxyType = 1;
			remoteGlobalIDString = B38F73801DA2B38C008469FE;
			remoteInfo = "speculid-example-watchos";
		};
		B38DDF2F1DA2E3EE005AA837 /* PBXContainerItemProxy */ = {
			isa = PBXContainerItemProxy;
			containerPortal = B38F73511DA2AF53008469FE /* Project object */;
			proxyType = 1;
			remoteGlobalIDString = B38F738C1DA2B38C008469FE;
			remoteInfo = "speculid-example-watchos Extension";
		};
		B38DDF331DA2E45D005AA837 /* PBXContainerItemProxy */ = {
			isa = PBXContainerItemProxy;
			containerPortal = B38F73511DA2AF53008469FE /* Project object */;
			proxyType = 1;
			remoteGlobalIDString = B38DDF1E1DA2E339005AA837;
			remoteInfo = assets;
		};
		B38DDF351DA2E476005AA837 /* PBXContainerItemProxy */ = {
			isa = PBXContainerItemProxy;
			containerPortal = B38F73511DA2AF53008469FE /* Project object */;
			proxyType = 1;
			remoteGlobalIDString = B38DDF1E1DA2E339005AA837;
			remoteInfo = assets;
		};
		B38DDF371DA2E47A005AA837 /* PBXContainerItemProxy */ = {
			isa = PBXContainerItemProxy;
			containerPortal = B38F73511DA2AF53008469FE /* Project object */;
			proxyType = 1;
			remoteGlobalIDString = B38DDF1E1DA2E339005AA837;
			remoteInfo = assets;
		};
		B38F738F1DA2B38C008469FE /* PBXContainerItemProxy */ = {
			isa = PBXContainerItemProxy;
			containerPortal = B38F73511DA2AF53008469FE /* Project object */;
			proxyType = 1;
			remoteGlobalIDString = B38F738C1DA2B38C008469FE;
			remoteInfo = "speculid-example-watchos Extension";
		};
		B38F73991DA2B38C008469FE /* PBXContainerItemProxy */ = {
			isa = PBXContainerItemProxy;
			containerPortal = B38F73511DA2AF53008469FE /* Project object */;
			proxyType = 1;
			remoteGlobalIDString = B38F73801DA2B38C008469FE;
			remoteInfo = "speculid-example-watchos";
		};
/* End PBXContainerItemProxy section */

/* Begin PBXCopyFilesBuildPhase section */
		B38F739F1DA2B38C008469FE /* Embed App Extensions */ = {
			isa = PBXCopyFilesBuildPhase;
			buildActionMask = 2147483647;
			dstPath = "";
			dstSubfolderSpec = 13;
			files = (
				B38F738E1DA2B38C008469FE /* speculid-example-watchos Extension.appex in Embed App Extensions */,
			);
			name = "Embed App Extensions";
			runOnlyForDeploymentPostprocessing = 0;
		};
		B38F73A31DA2B38C008469FE /* Embed Watch Content */ = {
			isa = PBXCopyFilesBuildPhase;
			buildActionMask = 2147483647;
			dstPath = "$(CONTENTS_FOLDER_PATH)/Watch";
			dstSubfolderSpec = 16;
			files = (
				B38F739B1DA2B38C008469FE /* speculid-example-watchos.app in Embed Watch Content */,
			);
			name = "Embed Watch Content";
			runOnlyForDeploymentPostprocessing = 0;
		};
/* End PBXCopyFilesBuildPhase section */

/* Begin PBXFileReference section */
		B38F735B1DA2B357008469FE /* speculid-example-macos.app */ = {isa = PBXFileReference; explicitFileType = wrapper.application; includeInIndex = 0; path = "speculid-example-macos.app"; sourceTree = BUILT_PRODUCTS_DIR; };
		B38F735E1DA2B357008469FE /* AppDelegate.swift */ = {isa = PBXFileReference; lastKnownFileType = sourcecode.swift; path = AppDelegate.swift; sourceTree = "<group>"; };
		B38F73631DA2B358008469FE /* Base */ = {isa = PBXFileReference; lastKnownFileType = file.xib; name = Base; path = Base.lproj/MainMenu.xib; sourceTree = "<group>"; };
		B38F73651DA2B358008469FE /* Info.plist */ = {isa = PBXFileReference; lastKnownFileType = text.plist.xml; path = Info.plist; sourceTree = "<group>"; };
		B38F736D1DA2B37B008469FE /* speculid-example-ios.app */ = {isa = PBXFileReference; explicitFileType = wrapper.application; includeInIndex = 0; path = "speculid-example-ios.app"; sourceTree = BUILT_PRODUCTS_DIR; };
		B38F736F1DA2B37B008469FE /* AppDelegate.swift */ = {isa = PBXFileReference; lastKnownFileType = sourcecode.swift; path = AppDelegate.swift; sourceTree = "<group>"; };
		B38F73711DA2B37B008469FE /* ViewController.swift */ = {isa = PBXFileReference; lastKnownFileType = sourcecode.swift; path = ViewController.swift; sourceTree = "<group>"; };
		B38F73741DA2B37B008469FE /* Base */ = {isa = PBXFileReference; lastKnownFileType = file.storyboard; name = Base; path = Base.lproj/Main.storyboard; sourceTree = "<group>"; };
		B38F73791DA2B37B008469FE /* Base */ = {isa = PBXFileReference; lastKnownFileType = file.storyboard; name = Base; path = Base.lproj/LaunchScreen.storyboard; sourceTree = "<group>"; };
		B38F737B1DA2B37B008469FE /* Info.plist */ = {isa = PBXFileReference; lastKnownFileType = text.plist.xml; path = Info.plist; sourceTree = "<group>"; };
		B38F73811DA2B38C008469FE /* speculid-example-watchos.app */ = {isa = PBXFileReference; explicitFileType = wrapper.application; includeInIndex = 0; path = "speculid-example-watchos.app"; sourceTree = BUILT_PRODUCTS_DIR; };
		B38F73841DA2B38C008469FE /* Base */ = {isa = PBXFileReference; lastKnownFileType = file.storyboard; name = Base; path = Base.lproj/Interface.storyboard; sourceTree = "<group>"; };
		B38F73881DA2B38C008469FE /* Info.plist */ = {isa = PBXFileReference; lastKnownFileType = text.plist.xml; path = Info.plist; sourceTree = "<group>"; };
		B38F738D1DA2B38C008469FE /* speculid-example-watchos Extension.appex */ = {isa = PBXFileReference; explicitFileType = "wrapper.app-extension"; includeInIndex = 0; path = "speculid-example-watchos Extension.appex"; sourceTree = BUILT_PRODUCTS_DIR; };
		B38F73921DA2B38C008469FE /* InterfaceController.swift */ = {isa = PBXFileReference; lastKnownFileType = sourcecode.swift; path = InterfaceController.swift; sourceTree = "<group>"; };
		B38F73941DA2B38C008469FE /* ExtensionDelegate.swift */ = {isa = PBXFileReference; lastKnownFileType = sourcecode.swift; path = ExtensionDelegate.swift; sourceTree = "<group>"; };
		B38F73981DA2B38C008469FE /* Info.plist */ = {isa = PBXFileReference; lastKnownFileType = text.plist.xml; path = Info.plist; sourceTree = "<group>"; };
		B38F73BB1DA2B3AD008469FE /* speculid-example-tvos.app */ = {isa = PBXFileReference; explicitFileType = wrapper.application; includeInIndex = 0; path = "speculid-example-tvos.app"; sourceTree = BUILT_PRODUCTS_DIR; };
		B38F73BD1DA2B3AD008469FE /* AppDelegate.swift */ = {isa = PBXFileReference; lastKnownFileType = sourcecode.swift; path = AppDelegate.swift; sourceTree = "<group>"; };
		B38F73BF1DA2B3AD008469FE /* ViewController.swift */ = {isa = PBXFileReference; lastKnownFileType = sourcecode.swift; path = ViewController.swift; sourceTree = "<group>"; };
		B38F73C21DA2B3AD008469FE /* Base */ = {isa = PBXFileReference; lastKnownFileType = file.storyboard; name = Base; path = Base.lproj/Main.storyboard; sourceTree = "<group>"; };
		B38F73C61DA2B3AE008469FE /* Info.plist */ = {isa = PBXFileReference; lastKnownFileType = text.plist.xml; path = Info.plist; sourceTree = "<group>"; };
		B38F73D01DA2B600008469FE /* Assets.xcassets */ = {isa = PBXFileReference; lastKnownFileType = folder.assetcatalog; path = Assets.xcassets; sourceTree = "<group>"; };
		B38F73D51DA2C1AB008469FE /* macOS AppIcon.spcld */ = {isa = PBXFileReference; fileEncoding = 4; lastKnownFileType = text; path = "macOS AppIcon.spcld"; sourceTree = "<group>"; };
		B38F73D71DA2C1F1008469FE /* layers.svg */ = {isa = PBXFileReference; fileEncoding = 4; lastKnownFileType = text.xml; path = layers.svg; sourceTree = "<group>"; };
/* End PBXFileReference section */

/* Begin PBXFrameworksBuildPhase section */
		B38F73581DA2B357008469FE /* Frameworks */ = {
			isa = PBXFrameworksBuildPhase;
			buildActionMask = 2147483647;
			files = (
			);
			runOnlyForDeploymentPostprocessing = 0;
		};
		B38F736A1DA2B37B008469FE /* Frameworks */ = {
			isa = PBXFrameworksBuildPhase;
			buildActionMask = 2147483647;
			files = (
			);
			runOnlyForDeploymentPostprocessing = 0;
		};
		B38F738A1DA2B38C008469FE /* Frameworks */ = {
			isa = PBXFrameworksBuildPhase;
			buildActionMask = 2147483647;
			files = (
			);
			runOnlyForDeploymentPostprocessing = 0;
		};
		B38F73B81DA2B3AD008469FE /* Frameworks */ = {
			isa = PBXFrameworksBuildPhase;
			buildActionMask = 2147483647;
			files = (
			);
			runOnlyForDeploymentPostprocessing = 0;
		};
/* End PBXFrameworksBuildPhase section */

/* Begin PBXGroup section */
		B38F73501DA2AF53008469FE = {
			isa = PBXGroup;
			children = (
				B38F73D41DA2C149008469FE /* Assets */,
				B38F735D1DA2B357008469FE /* macos */,
				B38F736E1DA2B37B008469FE /* ios */,
				B38F73D21DA2B832008469FE /* watchos */,
				B38F73BC1DA2B3AD008469FE /* tvos */,
				B38F735C1DA2B357008469FE /* Products */,
			);
			sourceTree = "<group>";
		};
		B38F735C1DA2B357008469FE /* Products */ = {
			isa = PBXGroup;
			children = (
				B38F735B1DA2B357008469FE /* speculid-example-macos.app */,
				B38F736D1DA2B37B008469FE /* speculid-example-ios.app */,
				B38F73811DA2B38C008469FE /* speculid-example-watchos.app */,
				B38F738D1DA2B38C008469FE /* speculid-example-watchos Extension.appex */,
				B38F73BB1DA2B3AD008469FE /* speculid-example-tvos.app */,
			);
			name = Products;
			sourceTree = "<group>";
		};
		B38F735D1DA2B357008469FE /* macos */ = {
			isa = PBXGroup;
			children = (
				B38F735E1DA2B357008469FE /* AppDelegate.swift */,
				B38F73621DA2B358008469FE /* MainMenu.xib */,
				B38F73651DA2B358008469FE /* Info.plist */,
			);
			path = macos;
			sourceTree = "<group>";
		};
		B38F736E1DA2B37B008469FE /* ios */ = {
			isa = PBXGroup;
			children = (
				B38F736F1DA2B37B008469FE /* AppDelegate.swift */,
				B38F73711DA2B37B008469FE /* ViewController.swift */,
				B38F73731DA2B37B008469FE /* Main.storyboard */,
				B38F73781DA2B37B008469FE /* LaunchScreen.storyboard */,
				B38F737B1DA2B37B008469FE /* Info.plist */,
			);
			path = ios;
			sourceTree = "<group>";
		};
		B38F73821DA2B38C008469FE /* application */ = {
			isa = PBXGroup;
			children = (
				B38F73831DA2B38C008469FE /* Interface.storyboard */,
				B38F73881DA2B38C008469FE /* Info.plist */,
			);
			path = application;
			sourceTree = "<group>";
		};
		B38F73911DA2B38C008469FE /* extension */ = {
			isa = PBXGroup;
			children = (
				B38F73921DA2B38C008469FE /* InterfaceController.swift */,
				B38F73941DA2B38C008469FE /* ExtensionDelegate.swift */,
				B38F73981DA2B38C008469FE /* Info.plist */,
			);
			path = extension;
			sourceTree = "<group>";
		};
		B38F73BC1DA2B3AD008469FE /* tvos */ = {
			isa = PBXGroup;
			children = (
				B38F73BD1DA2B3AD008469FE /* AppDelegate.swift */,
				B38F73BF1DA2B3AD008469FE /* ViewController.swift */,
				B38F73C11DA2B3AD008469FE /* Main.storyboard */,
				B38F73C61DA2B3AE008469FE /* Info.plist */,
			);
			path = tvos;
			sourceTree = "<group>";
		};
		B38F73D21DA2B832008469FE /* watchos */ = {
			isa = PBXGroup;
			children = (
				B38F73821DA2B38C008469FE /* application */,
				B38F73911DA2B38C008469FE /* extension */,
			);
			path = watchos;
			sourceTree = "<group>";
		};
		B38F73D41DA2C149008469FE /* Assets */ = {
			isa = PBXGroup;
			children = (
				B38F73D71DA2C1F1008469FE /* layers.svg */,
				B38F73D51DA2C1AB008469FE /* macOS AppIcon.spcld */,
				B38F73D01DA2B600008469FE /* Assets.xcassets */,
			);
			path = Assets;
			sourceTree = "<group>";
		};
/* End PBXGroup section */

/* Begin PBXNativeTarget section */
		B38F735A1DA2B357008469FE /* speculid-example-macos */ = {
			isa = PBXNativeTarget;
			buildConfigurationList = B38F73661DA2B358008469FE /* Build configuration list for PBXNativeTarget "speculid-example-macos" */;
			buildPhases = (
				B38F73571DA2B357008469FE /* Sources */,
				B38F73581DA2B357008469FE /* Frameworks */,
				B38F73591DA2B357008469FE /* Resources */,
			);
			buildRules = (
			);
			dependencies = (
				B38DDF1D1DA2DF2D005AA837 /* PBXTargetDependency */,
			);
			name = "speculid-example-macos";
			productName = "speculid-example-macos";
			productReference = B38F735B1DA2B357008469FE /* speculid-example-macos.app */;
			productType = "com.apple.product-type.application";
		};
		B38F736C1DA2B37B008469FE /* speculid-example-ios */ = {
			isa = PBXNativeTarget;
			buildConfigurationList = B38F737C1DA2B37B008469FE /* Build configuration list for PBXNativeTarget "speculid-example-ios" */;
			buildPhases = (
				B38F73691DA2B37B008469FE /* Sources */,
				B38F736A1DA2B37B008469FE /* Frameworks */,
				B38F736B1DA2B37B008469FE /* Resources */,
				B38F73A31DA2B38C008469FE /* Embed Watch Content */,
			);
			buildRules = (
			);
			dependencies = (
				B38DDF341DA2E45D005AA837 /* PBXTargetDependency */,
				B38F739A1DA2B38C008469FE /* PBXTargetDependency */,
			);
			name = "speculid-example-ios";
			productName = "speculid-example-ios";
			productReference = B38F736D1DA2B37B008469FE /* speculid-example-ios.app */;
			productType = "com.apple.product-type.application";
		};
		B38F73801DA2B38C008469FE /* speculid-example-watchos */ = {
			isa = PBXNativeTarget;
			buildConfigurationList = B38F73A01DA2B38C008469FE /* Build configuration list for PBXNativeTarget "speculid-example-watchos" */;
			buildPhases = (
				B38F737F1DA2B38C008469FE /* Resources */,
				B38F739F1DA2B38C008469FE /* Embed App Extensions */,
			);
			buildRules = (
			);
			dependencies = (
				B38F73901DA2B38C008469FE /* PBXTargetDependency */,
			);
			name = "speculid-example-watchos";
			productName = "speculid-example-watchos";
			productReference = B38F73811DA2B38C008469FE /* speculid-example-watchos.app */;
			productType = "com.apple.product-type.application.watchapp2";
		};
		B38F738C1DA2B38C008469FE /* speculid-example-watchos Extension */ = {
			isa = PBXNativeTarget;
			buildConfigurationList = B38F739C1DA2B38C008469FE /* Build configuration list for PBXNativeTarget "speculid-example-watchos Extension" */;
			buildPhases = (
				B38F73891DA2B38C008469FE /* Sources */,
				B38F738A1DA2B38C008469FE /* Frameworks */,
				B38F738B1DA2B38C008469FE /* Resources */,
			);
			buildRules = (
			);
			dependencies = (
				B38DDF361DA2E476005AA837 /* PBXTargetDependency */,
			);
			name = "speculid-example-watchos Extension";
			productName = "speculid-example-watchos Extension";
			productReference = B38F738D1DA2B38C008469FE /* speculid-example-watchos Extension.appex */;
			productType = "com.apple.product-type.watchkit2-extension";
		};
		B38F73BA1DA2B3AD008469FE /* speculid-example-tvos */ = {
			isa = PBXNativeTarget;
			buildConfigurationList = B38F73C71DA2B3AE008469FE /* Build configuration list for PBXNativeTarget "speculid-example-tvos" */;
			buildPhases = (
				B38F73B71DA2B3AD008469FE /* Sources */,
				B38F73B81DA2B3AD008469FE /* Frameworks */,
				B38F73B91DA2B3AD008469FE /* Resources */,
			);
			buildRules = (
			);
			dependencies = (
				B38DDF381DA2E47A005AA837 /* PBXTargetDependency */,
			);
			name = "speculid-example-tvos";
			productName = "speculid-example-tvos";
			productReference = B38F73BB1DA2B3AD008469FE /* speculid-example-tvos.app */;
			productType = "com.apple.product-type.application";
		};
/* End PBXNativeTarget section */

/* Begin PBXProject section */
		B38F73511DA2AF53008469FE /* Project object */ = {
			isa = PBXProject;
			attributes = {
				LastSwiftUpdateCheck = 0800;
				LastUpgradeCheck = 0800;
				TargetAttributes = {
					B38DDF171DA2DF0D005AA837 = {
						CreatedOnToolsVersion = 8.0;
						DevelopmentTeam = MLT7M394S7;
						ProvisioningStyle = Automatic;
					};
					B38DDF1E1DA2E339005AA837 = {
						CreatedOnToolsVersion = 8.0;
						DevelopmentTeam = MLT7M394S7;
						ProvisioningStyle = Automatic;
					};
					B38DDF251DA2E3E3005AA837 = {
						CreatedOnToolsVersion = 8.0;
						DevelopmentTeam = MLT7M394S7;
						ProvisioningStyle = Automatic;
					};
					B38F735A1DA2B357008469FE = {
						CreatedOnToolsVersion = 8.0;
						DevelopmentTeam = MLT7M394S7;
						ProvisioningStyle = Automatic;
					};
					B38F736C1DA2B37B008469FE = {
						CreatedOnToolsVersion = 8.0;
						DevelopmentTeam = MLT7M394S7;
						ProvisioningStyle = Automatic;
					};
					B38F73801DA2B38C008469FE = {
						CreatedOnToolsVersion = 8.0;
						DevelopmentTeam = MLT7M394S7;
						ProvisioningStyle = Automatic;
					};
					B38F738C1DA2B38C008469FE = {
						CreatedOnToolsVersion = 8.0;
						DevelopmentTeam = MLT7M394S7;
						ProvisioningStyle = Automatic;
					};
					B38F73BA1DA2B3AD008469FE = {
						CreatedOnToolsVersion = 8.0;
						ProvisioningStyle = Manual;
					};
				};
			};
			buildConfigurationList = B38F73541DA2AF53008469FE /* Build configuration list for PBXProject "examples" */;
			compatibilityVersion = "Xcode 3.2";
			developmentRegion = English;
			hasScannedForEncodings = 0;
			knownRegions = (
				en,
				Base,
			);
			mainGroup = B38F73501DA2AF53008469FE;
			productRefGroup = B38F735C1DA2B357008469FE /* Products */;
			projectDirPath = "";
			projectRoot = "";
			targets = (
				B38F735A1DA2B357008469FE /* speculid-example-macos */,
				B38F736C1DA2B37B008469FE /* speculid-example-ios */,
				B38F73801DA2B38C008469FE /* speculid-example-watchos */,
				B38F738C1DA2B38C008469FE /* speculid-example-watchos Extension */,
				B38F73BA1DA2B3AD008469FE /* speculid-example-tvos */,
				B38DDF171DA2DF0D005AA837 /* speculid */,
				B38DDF1E1DA2E339005AA837 /* assets */,
				B38DDF251DA2E3E3005AA837 /* examples */,
			);
		};
/* End PBXProject section */

/* Begin PBXResourcesBuildPhase section */
		B38F73591DA2B357008469FE /* Resources */ = {
			isa = PBXResourcesBuildPhase;
			buildActionMask = 2147483647;
			files = (
				B38F73D11DA2B600008469FE /* Assets.xcassets in Resources */,
				B38F73641DA2B358008469FE /* MainMenu.xib in Resources */,
				B38F73D81DA2C1F1008469FE /* layers.svg in Resources */,
			);
			runOnlyForDeploymentPostprocessing = 0;
		};
		B38F736B1DA2B37B008469FE /* Resources */ = {
			isa = PBXResourcesBuildPhase;
			buildActionMask = 2147483647;
			files = (
				B38F737A1DA2B37B008469FE /* LaunchScreen.storyboard in Resources */,
				B38F73751DA2B37B008469FE /* Main.storyboard in Resources */,
			);
			runOnlyForDeploymentPostprocessing = 0;
		};
		B38F737F1DA2B38C008469FE /* Resources */ = {
			isa = PBXResourcesBuildPhase;
			buildActionMask = 2147483647;
			files = (
				B38F73851DA2B38C008469FE /* Interface.storyboard in Resources */,
			);
			runOnlyForDeploymentPostprocessing = 0;
		};
		B38F738B1DA2B38C008469FE /* Resources */ = {
			isa = PBXResourcesBuildPhase;
			buildActionMask = 2147483647;
			files = (
			);
			runOnlyForDeploymentPostprocessing = 0;
		};
		B38F73B91DA2B3AD008469FE /* Resources */ = {
			isa = PBXResourcesBuildPhase;
			buildActionMask = 2147483647;
			files = (
				B38F73C31DA2B3AD008469FE /* Main.storyboard in Resources */,
			);
			runOnlyForDeploymentPostprocessing = 0;
		};
/* End PBXResourcesBuildPhase section */

/* Begin PBXShellScriptBuildPhase section */
		B38DDF1B1DA2DF23005AA837 /* ShellScript */ = {
			isa = PBXShellScriptBuildPhase;
			buildActionMask = 2147483647;
			files = (
			);
			inputPaths = (
			);
			outputPaths = (
			);
			runOnlyForDeploymentPostprocessing = 0;
			shellPath = /bin/sh;
			shellScript = "xcodebuild -workspace \"${SRCROOT}/../speculid.xcworkspace\" -scheme \"Speculid Application\" -derivedDataPath \"${PROJECT_TEMP_DIR}/speculid\" build -configuration Release SYMROOT=build CODE_SIGNING_REQUIRED=NO OBJROOT=\"${PROJECT_TEMP_DIR}/speculid\" SYMROOT=\"${PROJECT_TEMP_DIR}/speculid\"";
		};
		B38DDF241DA2E344005AA837 /* ShellScript */ = {
			isa = PBXShellScriptBuildPhase;
			buildActionMask = 2147483647;
			files = (
			);
			inputPaths = (
			);
			outputPaths = (
			);
			runOnlyForDeploymentPostprocessing = 0;
			shellPath = /bin/sh;
			shellScript = "find \"${SRCROOT}\" -name \"*.spcld\" -print0 |\nwhile IFS= read -r -d $'\\0' line; do\n\"${PROJECT_TEMP_DIR}/speculid/Release/Speculid.app/Contents/MacOS/Speculid\" \"$line\"\ndone";
		};
/* End PBXShellScriptBuildPhase section */

/* Begin PBXSourcesBuildPhase section */
		B38F73571DA2B357008469FE /* Sources */ = {
			isa = PBXSourcesBuildPhase;
			buildActionMask = 2147483647;
			files = (
				B38F735F1DA2B357008469FE /* AppDelegate.swift in Sources */,
			);
			runOnlyForDeploymentPostprocessing = 0;
		};
		B38F73691DA2B37B008469FE /* Sources */ = {
			isa = PBXSourcesBuildPhase;
			buildActionMask = 2147483647;
			files = (
				B38F73721DA2B37B008469FE /* ViewController.swift in Sources */,
				B38F73701DA2B37B008469FE /* AppDelegate.swift in Sources */,
			);
			runOnlyForDeploymentPostprocessing = 0;
		};
		B38F73891DA2B38C008469FE /* Sources */ = {
			isa = PBXSourcesBuildPhase;
			buildActionMask = 2147483647;
			files = (
				B38F73951DA2B38C008469FE /* ExtensionDelegate.swift in Sources */,
				B38F73931DA2B38C008469FE /* InterfaceController.swift in Sources */,
			);
			runOnlyForDeploymentPostprocessing = 0;
		};
		B38F73B71DA2B3AD008469FE /* Sources */ = {
			isa = PBXSourcesBuildPhase;
			buildActionMask = 2147483647;
			files = (
				B38F73C01DA2B3AD008469FE /* ViewController.swift in Sources */,
				B38F73BE1DA2B3AD008469FE /* AppDelegate.swift in Sources */,
			);
			runOnlyForDeploymentPostprocessing = 0;
		};
/* End PBXSourcesBuildPhase section */

/* Begin PBXTargetDependency section */
		B38DDF1D1DA2DF2D005AA837 /* PBXTargetDependency */ = {
			isa = PBXTargetDependency;
			target = B38DDF171DA2DF0D005AA837 /* speculid */;
			targetProxy = B38DDF1C1DA2DF2D005AA837 /* PBXContainerItemProxy */;
		};
		B38DDF231DA2E342005AA837 /* PBXTargetDependency */ = {
			isa = PBXTargetDependency;
			target = B38DDF171DA2DF0D005AA837 /* speculid */;
			targetProxy = B38DDF221DA2E342005AA837 /* PBXContainerItemProxy */;
		};
		B38DDF2A1DA2E3EE005AA837 /* PBXTargetDependency */ = {
			isa = PBXTargetDependency;
			target = B38F735A1DA2B357008469FE /* speculid-example-macos */;
			targetProxy = B38DDF291DA2E3EE005AA837 /* PBXContainerItemProxy */;
		};
		B38DDF2C1DA2E3EE005AA837 /* PBXTargetDependency */ = {
			isa = PBXTargetDependency;
			target = B38F736C1DA2B37B008469FE /* speculid-example-ios */;
			targetProxy = B38DDF2B1DA2E3EE005AA837 /* PBXContainerItemProxy */;
		};
		B38DDF2E1DA2E3EE005AA837 /* PBXTargetDependency */ = {
			isa = PBXTargetDependency;
			target = B38F73801DA2B38C008469FE /* speculid-example-watchos */;
			targetProxy = B38DDF2D1DA2E3EE005AA837 /* PBXContainerItemProxy */;
		};
		B38DDF301DA2E3EE005AA837 /* PBXTargetDependency */ = {
			isa = PBXTargetDependency;
			target = B38F738C1DA2B38C008469FE /* speculid-example-watchos Extension */;
			targetProxy = B38DDF2F1DA2E3EE005AA837 /* PBXContainerItemProxy */;
		};
		B38DDF341DA2E45D005AA837 /* PBXTargetDependency */ = {
			isa = PBXTargetDependency;
			target = B38DDF1E1DA2E339005AA837 /* assets */;
			targetProxy = B38DDF331DA2E45D005AA837 /* PBXContainerItemProxy */;
		};
		B38DDF361DA2E476005AA837 /* PBXTargetDependency */ = {
			isa = PBXTargetDependency;
			target = B38DDF1E1DA2E339005AA837 /* assets */;
			targetProxy = B38DDF351DA2E476005AA837 /* PBXContainerItemProxy */;
		};
		B38DDF381DA2E47A005AA837 /* PBXTargetDependency */ = {
			isa = PBXTargetDependency;
			target = B38DDF1E1DA2E339005AA837 /* assets */;
			targetProxy = B38DDF371DA2E47A005AA837 /* PBXContainerItemProxy */;
		};
		B38F73901DA2B38C008469FE /* PBXTargetDependency */ = {
			isa = PBXTargetDependency;
			target = B38F738C1DA2B38C008469FE /* speculid-example-watchos Extension */;
			targetProxy = B38F738F1DA2B38C008469FE /* PBXContainerItemProxy */;
		};
		B38F739A1DA2B38C008469FE /* PBXTargetDependency */ = {
			isa = PBXTargetDependency;
			target = B38F73801DA2B38C008469FE /* speculid-example-watchos */;
			targetProxy = B38F73991DA2B38C008469FE /* PBXContainerItemProxy */;
		};
/* End PBXTargetDependency section */

/* Begin PBXVariantGroup section */
		B38F73621DA2B358008469FE /* MainMenu.xib */ = {
			isa = PBXVariantGroup;
			children = (
				B38F73631DA2B358008469FE /* Base */,
			);
			name = MainMenu.xib;
			sourceTree = "<group>";
		};
		B38F73731DA2B37B008469FE /* Main.storyboard */ = {
			isa = PBXVariantGroup;
			children = (
				B38F73741DA2B37B008469FE /* Base */,
			);
			name = Main.storyboard;
			sourceTree = "<group>";
		};
		B38F73781DA2B37B008469FE /* LaunchScreen.storyboard */ = {
			isa = PBXVariantGroup;
			children = (
				B38F73791DA2B37B008469FE /* Base */,
			);
			name = LaunchScreen.storyboard;
			sourceTree = "<group>";
		};
		B38F73831DA2B38C008469FE /* Interface.storyboard */ = {
			isa = PBXVariantGroup;
			children = (
				B38F73841DA2B38C008469FE /* Base */,
			);
			name = Interface.storyboard;
			sourceTree = "<group>";
		};
		B38F73C11DA2B3AD008469FE /* Main.storyboard */ = {
			isa = PBXVariantGroup;
			children = (
				B38F73C21DA2B3AD008469FE /* Base */,
			);
			name = Main.storyboard;
			sourceTree = "<group>";
		};
/* End PBXVariantGroup section */

/* Begin XCBuildConfiguration section */
		B38DDF181DA2DF0D005AA837 /* Debug */ = {
			isa = XCBuildConfiguration;
			buildSettings = {
				DEVELOPMENT_TEAM = MLT7M394S7;
				PRODUCT_NAME = "$(TARGET_NAME)";
			};
			name = Debug;
		};
		B38DDF191DA2DF0D005AA837 /* Release */ = {
			isa = XCBuildConfiguration;
			buildSettings = {
				DEVELOPMENT_TEAM = MLT7M394S7;
				PRODUCT_NAME = "$(TARGET_NAME)";
			};
			name = Release;
		};
		B38DDF201DA2E339005AA837 /* Debug */ = {
			isa = XCBuildConfiguration;
			buildSettings = {
				DEVELOPMENT_TEAM = MLT7M394S7;
				PRODUCT_NAME = "$(TARGET_NAME)";
			};
			name = Debug;
		};
		B38DDF211DA2E339005AA837 /* Release */ = {
			isa = XCBuildConfiguration;
			buildSettings = {
				DEVELOPMENT_TEAM = MLT7M394S7;
				PRODUCT_NAME = "$(TARGET_NAME)";
			};
			name = Release;
		};
		B38DDF271DA2E3E3005AA837 /* Debug */ = {
			isa = XCBuildConfiguration;
			buildSettings = {
				DEVELOPMENT_TEAM = MLT7M394S7;
				PRODUCT_NAME = "$(TARGET_NAME)";
			};
			name = Debug;
		};
		B38DDF281DA2E3E3005AA837 /* Release */ = {
			isa = XCBuildConfiguration;
			buildSettings = {
				DEVELOPMENT_TEAM = MLT7M394S7;
				PRODUCT_NAME = "$(TARGET_NAME)";
			};
			name = Release;
		};
		B38F73551DA2AF53008469FE /* Debug */ = {
			isa = XCBuildConfiguration;
			buildSettings = {
				CLANG_WARN_BOOL_CONVERSION = YES;
				CLANG_WARN_CONSTANT_CONVERSION = YES;
				CLANG_WARN_EMPTY_BODY = YES;
				CLANG_WARN_ENUM_CONVERSION = YES;
				CLANG_WARN_INFINITE_RECURSION = YES;
				CLANG_WARN_INT_CONVERSION = YES;
				CLANG_WARN_SUSPICIOUS_MOVE = YES;
				CLANG_WARN_UNREACHABLE_CODE = YES;
				CLANG_WARN__DUPLICATE_METHOD_MATCH = YES;
				ENABLE_STRICT_OBJC_MSGSEND = YES;
				ENABLE_TESTABILITY = YES;
				GCC_NO_COMMON_BLOCKS = YES;
				GCC_WARN_64_TO_32_BIT_CONVERSION = YES;
				GCC_WARN_ABOUT_RETURN_TYPE = YES;
				GCC_WARN_UNDECLARED_SELECTOR = YES;
				GCC_WARN_UNINITIALIZED_AUTOS = YES;
				GCC_WARN_UNUSED_FUNCTION = YES;
				GCC_WARN_UNUSED_VARIABLE = YES;
				IPHONEOS_DEPLOYMENT_TARGET = 8.0;
				MACOSX_DEPLOYMENT_TARGET = 10.9;
				ONLY_ACTIVE_ARCH = YES;
			};
			name = Debug;
		};
		B38F73561DA2AF53008469FE /* Release */ = {
			isa = XCBuildConfiguration;
			buildSettings = {
				CLANG_WARN_BOOL_CONVERSION = YES;
				CLANG_WARN_CONSTANT_CONVERSION = YES;
				CLANG_WARN_EMPTY_BODY = YES;
				CLANG_WARN_ENUM_CONVERSION = YES;
				CLANG_WARN_INFINITE_RECURSION = YES;
				CLANG_WARN_INT_CONVERSION = YES;
				CLANG_WARN_SUSPICIOUS_MOVE = YES;
				CLANG_WARN_UNREACHABLE_CODE = YES;
				CLANG_WARN__DUPLICATE_METHOD_MATCH = YES;
				ENABLE_STRICT_OBJC_MSGSEND = YES;
				GCC_NO_COMMON_BLOCKS = YES;
				GCC_WARN_64_TO_32_BIT_CONVERSION = YES;
				GCC_WARN_ABOUT_RETURN_TYPE = YES;
				GCC_WARN_UNDECLARED_SELECTOR = YES;
				GCC_WARN_UNINITIALIZED_AUTOS = YES;
				GCC_WARN_UNUSED_FUNCTION = YES;
				GCC_WARN_UNUSED_VARIABLE = YES;
				IPHONEOS_DEPLOYMENT_TARGET = 8.0;
				MACOSX_DEPLOYMENT_TARGET = 10.9;
			};
			name = Release;
		};
		B38F73671DA2B358008469FE /* Debug */ = {
			isa = XCBuildConfiguration;
			buildSettings = {
				ALWAYS_SEARCH_USER_PATHS = NO;
				ASSETCATALOG_COMPILER_APPICON_NAME = "macOS AppIcon";
				CLANG_ANALYZER_NONNULL = YES;
				CLANG_CXX_LANGUAGE_STANDARD = "gnu++0x";
				CLANG_CXX_LIBRARY = "libc++";
				CLANG_ENABLE_MODULES = YES;
				CLANG_ENABLE_OBJC_ARC = YES;
				CLANG_WARN_BOOL_CONVERSION = YES;
				CLANG_WARN_CONSTANT_CONVERSION = YES;
				CLANG_WARN_DIRECT_OBJC_ISA_USAGE = YES_ERROR;
				CLANG_WARN_DOCUMENTATION_COMMENTS = YES;
				CLANG_WARN_EMPTY_BODY = YES;
				CLANG_WARN_ENUM_CONVERSION = YES;
				CLANG_WARN_INFINITE_RECURSION = YES;
				CLANG_WARN_INT_CONVERSION = YES;
				CLANG_WARN_OBJC_ROOT_CLASS = YES_ERROR;
				CLANG_WARN_SUSPICIOUS_MOVES = YES;
				CLANG_WARN_UNREACHABLE_CODE = YES;
				CLANG_WARN__DUPLICATE_METHOD_MATCH = YES;
				CODE_SIGN_IDENTITY = "-";
				COMBINE_HIDPI_IMAGES = YES;
				COPY_PHASE_STRIP = NO;
				DEBUG_INFORMATION_FORMAT = dwarf;
				DEVELOPMENT_TEAM = MLT7M394S7;
				ENABLE_STRICT_OBJC_MSGSEND = YES;
				ENABLE_TESTABILITY = YES;
				GCC_C_LANGUAGE_STANDARD = gnu99;
				GCC_DYNAMIC_NO_PIC = NO;
				GCC_NO_COMMON_BLOCKS = YES;
				GCC_OPTIMIZATION_LEVEL = 0;
				GCC_PREPROCESSOR_DEFINITIONS = (
					"DEBUG=1",
					"$(inherited)",
				);
				GCC_WARN_64_TO_32_BIT_CONVERSION = YES;
				GCC_WARN_ABOUT_RETURN_TYPE = YES_ERROR;
				GCC_WARN_UNDECLARED_SELECTOR = YES;
				GCC_WARN_UNINITIALIZED_AUTOS = YES_AGGRESSIVE;
				GCC_WARN_UNUSED_FUNCTION = YES;
				GCC_WARN_UNUSED_VARIABLE = YES;
				INFOPLIST_FILE = "$(SRCROOT)/macos/Info.plist";
				LD_RUNPATH_SEARCH_PATHS = "$(inherited) @executable_path/../Frameworks";
				MTL_ENABLE_DEBUG_INFO = YES;
				ONLY_ACTIVE_ARCH = YES;
				PRODUCT_BUNDLE_IDENTIFIER = "com.brightdigit.speculid-example-macos";
				PRODUCT_NAME = "$(TARGET_NAME)";
				SDKROOT = macosx;
				SWIFT_ACTIVE_COMPILATION_CONDITIONS = DEBUG;
				SWIFT_OPTIMIZATION_LEVEL = "-Onone";
				SWIFT_VERSION = 3.0;
			};
			name = Debug;
		};
		B38F73681DA2B358008469FE /* Release */ = {
			isa = XCBuildConfiguration;
			buildSettings = {
				ALWAYS_SEARCH_USER_PATHS = NO;
				ASSETCATALOG_COMPILER_APPICON_NAME = "macOS AppIcon";
				CLANG_ANALYZER_NONNULL = YES;
				CLANG_CXX_LANGUAGE_STANDARD = "gnu++0x";
				CLANG_CXX_LIBRARY = "libc++";
				CLANG_ENABLE_MODULES = YES;
				CLANG_ENABLE_OBJC_ARC = YES;
				CLANG_WARN_BOOL_CONVERSION = YES;
				CLANG_WARN_CONSTANT_CONVERSION = YES;
				CLANG_WARN_DIRECT_OBJC_ISA_USAGE = YES_ERROR;
				CLANG_WARN_DOCUMENTATION_COMMENTS = YES;
				CLANG_WARN_EMPTY_BODY = YES;
				CLANG_WARN_ENUM_CONVERSION = YES;
				CLANG_WARN_INFINITE_RECURSION = YES;
				CLANG_WARN_INT_CONVERSION = YES;
				CLANG_WARN_OBJC_ROOT_CLASS = YES_ERROR;
				CLANG_WARN_SUSPICIOUS_MOVES = YES;
				CLANG_WARN_UNREACHABLE_CODE = YES;
				CLANG_WARN__DUPLICATE_METHOD_MATCH = YES;
				CODE_SIGN_IDENTITY = "-";
				COMBINE_HIDPI_IMAGES = YES;
				COPY_PHASE_STRIP = NO;
				DEBUG_INFORMATION_FORMAT = "dwarf-with-dsym";
				DEVELOPMENT_TEAM = MLT7M394S7;
				ENABLE_NS_ASSERTIONS = NO;
				ENABLE_STRICT_OBJC_MSGSEND = YES;
				GCC_C_LANGUAGE_STANDARD = gnu99;
				GCC_NO_COMMON_BLOCKS = YES;
				GCC_WARN_64_TO_32_BIT_CONVERSION = YES;
				GCC_WARN_ABOUT_RETURN_TYPE = YES_ERROR;
				GCC_WARN_UNDECLARED_SELECTOR = YES;
				GCC_WARN_UNINITIALIZED_AUTOS = YES_AGGRESSIVE;
				GCC_WARN_UNUSED_FUNCTION = YES;
				GCC_WARN_UNUSED_VARIABLE = YES;
				INFOPLIST_FILE = "$(SRCROOT)/macos/Info.plist";
				LD_RUNPATH_SEARCH_PATHS = "$(inherited) @executable_path/../Frameworks";
				MTL_ENABLE_DEBUG_INFO = NO;
				PRODUCT_BUNDLE_IDENTIFIER = "com.brightdigit.speculid-example-macos";
				PRODUCT_NAME = "$(TARGET_NAME)";
				SDKROOT = macosx;
				SWIFT_OPTIMIZATION_LEVEL = "-Owholemodule";
				SWIFT_VERSION = 3.0;
			};
			name = Release;
		};
		B38F737D1DA2B37B008469FE /* Debug */ = {
			isa = XCBuildConfiguration;
			buildSettings = {
				ALWAYS_SEARCH_USER_PATHS = NO;
				ASSETCATALOG_COMPILER_APPICON_NAME = "iOS AppIcon";
				CLANG_ANALYZER_NONNULL = YES;
				CLANG_CXX_LANGUAGE_STANDARD = "gnu++0x";
				CLANG_CXX_LIBRARY = "libc++";
				CLANG_ENABLE_MODULES = YES;
				CLANG_ENABLE_OBJC_ARC = YES;
				CLANG_WARN_BOOL_CONVERSION = YES;
				CLANG_WARN_CONSTANT_CONVERSION = YES;
				CLANG_WARN_DIRECT_OBJC_ISA_USAGE = YES_ERROR;
				CLANG_WARN_DOCUMENTATION_COMMENTS = YES;
				CLANG_WARN_EMPTY_BODY = YES;
				CLANG_WARN_ENUM_CONVERSION = YES;
				CLANG_WARN_INFINITE_RECURSION = YES;
				CLANG_WARN_INT_CONVERSION = YES;
				CLANG_WARN_OBJC_ROOT_CLASS = YES_ERROR;
				CLANG_WARN_SUSPICIOUS_MOVES = YES;
				CLANG_WARN_UNREACHABLE_CODE = YES;
				CLANG_WARN__DUPLICATE_METHOD_MATCH = YES;
				"CODE_SIGN_IDENTITY[sdk=iphoneos*]" = "iPhone Developer";
				COPY_PHASE_STRIP = NO;
				DEBUG_INFORMATION_FORMAT = dwarf;
				DEVELOPMENT_TEAM = MLT7M394S7;
				ENABLE_STRICT_OBJC_MSGSEND = YES;
				ENABLE_TESTABILITY = YES;
				GCC_C_LANGUAGE_STANDARD = gnu99;
				GCC_DYNAMIC_NO_PIC = NO;
				GCC_NO_COMMON_BLOCKS = YES;
				GCC_OPTIMIZATION_LEVEL = 0;
				GCC_PREPROCESSOR_DEFINITIONS = (
					"DEBUG=1",
					"$(inherited)",
				);
				GCC_WARN_64_TO_32_BIT_CONVERSION = YES;
				GCC_WARN_ABOUT_RETURN_TYPE = YES_ERROR;
				GCC_WARN_UNDECLARED_SELECTOR = YES;
				GCC_WARN_UNINITIALIZED_AUTOS = YES_AGGRESSIVE;
				GCC_WARN_UNUSED_FUNCTION = YES;
				GCC_WARN_UNUSED_VARIABLE = YES;
				INFOPLIST_FILE = "$(SRCROOT)/ios/Info.plist";
				LD_RUNPATH_SEARCH_PATHS = "$(inherited) @executable_path/Frameworks";
				MTL_ENABLE_DEBUG_INFO = YES;
				ONLY_ACTIVE_ARCH = YES;
				PRODUCT_BUNDLE_IDENTIFIER = "com.brightdigit.speculid-example-ios";
				PRODUCT_NAME = "$(TARGET_NAME)";
				SDKROOT = iphoneos;
				SWIFT_ACTIVE_COMPILATION_CONDITIONS = DEBUG;
				SWIFT_OPTIMIZATION_LEVEL = "-Onone";
				SWIFT_VERSION = 3.0;
				TARGETED_DEVICE_FAMILY = "1,2";
			};
			name = Debug;
		};
		B38F737E1DA2B37B008469FE /* Release */ = {
			isa = XCBuildConfiguration;
			buildSettings = {
				ALWAYS_SEARCH_USER_PATHS = NO;
				ASSETCATALOG_COMPILER_APPICON_NAME = "iOS AppIcon";
				CLANG_ANALYZER_NONNULL = YES;
				CLANG_CXX_LANGUAGE_STANDARD = "gnu++0x";
				CLANG_CXX_LIBRARY = "libc++";
				CLANG_ENABLE_MODULES = YES;
				CLANG_ENABLE_OBJC_ARC = YES;
				CLANG_WARN_BOOL_CONVERSION = YES;
				CLANG_WARN_CONSTANT_CONVERSION = YES;
				CLANG_WARN_DIRECT_OBJC_ISA_USAGE = YES_ERROR;
				CLANG_WARN_DOCUMENTATION_COMMENTS = YES;
				CLANG_WARN_EMPTY_BODY = YES;
				CLANG_WARN_ENUM_CONVERSION = YES;
				CLANG_WARN_INFINITE_RECURSION = YES;
				CLANG_WARN_INT_CONVERSION = YES;
				CLANG_WARN_OBJC_ROOT_CLASS = YES_ERROR;
				CLANG_WARN_SUSPICIOUS_MOVES = YES;
				CLANG_WARN_UNREACHABLE_CODE = YES;
				CLANG_WARN__DUPLICATE_METHOD_MATCH = YES;
				"CODE_SIGN_IDENTITY[sdk=iphoneos*]" = "iPhone Developer";
				COPY_PHASE_STRIP = NO;
				DEBUG_INFORMATION_FORMAT = "dwarf-with-dsym";
				DEVELOPMENT_TEAM = MLT7M394S7;
				ENABLE_NS_ASSERTIONS = NO;
				ENABLE_STRICT_OBJC_MSGSEND = YES;
				GCC_C_LANGUAGE_STANDARD = gnu99;
				GCC_NO_COMMON_BLOCKS = YES;
				GCC_WARN_64_TO_32_BIT_CONVERSION = YES;
				GCC_WARN_ABOUT_RETURN_TYPE = YES_ERROR;
				GCC_WARN_UNDECLARED_SELECTOR = YES;
				GCC_WARN_UNINITIALIZED_AUTOS = YES_AGGRESSIVE;
				GCC_WARN_UNUSED_FUNCTION = YES;
				GCC_WARN_UNUSED_VARIABLE = YES;
				INFOPLIST_FILE = "$(SRCROOT)/ios/Info.plist";
				LD_RUNPATH_SEARCH_PATHS = "$(inherited) @executable_path/Frameworks";
				MTL_ENABLE_DEBUG_INFO = NO;
				PRODUCT_BUNDLE_IDENTIFIER = "com.brightdigit.speculid-example-ios";
				PRODUCT_NAME = "$(TARGET_NAME)";
				SDKROOT = iphoneos;
				SWIFT_OPTIMIZATION_LEVEL = "-Owholemodule";
				SWIFT_VERSION = 3.0;
				TARGETED_DEVICE_FAMILY = "1,2";
				VALIDATE_PRODUCT = YES;
			};
			name = Release;
		};
		B38F739D1DA2B38C008469FE /* Debug */ = {
			isa = XCBuildConfiguration;
			buildSettings = {
				ALWAYS_SEARCH_USER_PATHS = NO;
				ASSETCATALOG_COMPILER_COMPLICATION_NAME = Complication;
				CLANG_ANALYZER_NONNULL = YES;
				CLANG_CXX_LANGUAGE_STANDARD = "gnu++0x";
				CLANG_CXX_LIBRARY = "libc++";
				CLANG_ENABLE_MODULES = YES;
				CLANG_ENABLE_OBJC_ARC = YES;
				CLANG_WARN_BOOL_CONVERSION = YES;
				CLANG_WARN_CONSTANT_CONVERSION = YES;
				CLANG_WARN_DIRECT_OBJC_ISA_USAGE = YES_ERROR;
				CLANG_WARN_DOCUMENTATION_COMMENTS = YES;
				CLANG_WARN_EMPTY_BODY = YES;
				CLANG_WARN_ENUM_CONVERSION = YES;
				CLANG_WARN_INFINITE_RECURSION = YES;
				CLANG_WARN_INT_CONVERSION = YES;
				CLANG_WARN_OBJC_ROOT_CLASS = YES_ERROR;
				CLANG_WARN_SUSPICIOUS_MOVES = YES;
				CLANG_WARN_UNREACHABLE_CODE = YES;
				CLANG_WARN__DUPLICATE_METHOD_MATCH = YES;
				COPY_PHASE_STRIP = NO;
				DEBUG_INFORMATION_FORMAT = dwarf;
				DEVELOPMENT_TEAM = MLT7M394S7;
				ENABLE_STRICT_OBJC_MSGSEND = YES;
				ENABLE_TESTABILITY = YES;
				GCC_C_LANGUAGE_STANDARD = gnu99;
				GCC_DYNAMIC_NO_PIC = NO;
				GCC_NO_COMMON_BLOCKS = YES;
				GCC_OPTIMIZATION_LEVEL = 0;
				GCC_PREPROCESSOR_DEFINITIONS = (
					"DEBUG=1",
					"$(inherited)",
				);
				GCC_WARN_64_TO_32_BIT_CONVERSION = YES;
				GCC_WARN_ABOUT_RETURN_TYPE = YES_ERROR;
				GCC_WARN_UNDECLARED_SELECTOR = YES;
				GCC_WARN_UNINITIALIZED_AUTOS = YES_AGGRESSIVE;
				GCC_WARN_UNUSED_FUNCTION = YES;
				GCC_WARN_UNUSED_VARIABLE = YES;
				INFOPLIST_FILE = "$(SRCROOT)/watchos/extension/Info.plist";
				LD_RUNPATH_SEARCH_PATHS = "$(inherited) @executable_path/Frameworks @executable_path/../../Frameworks";
				MTL_ENABLE_DEBUG_INFO = YES;
				ONLY_ACTIVE_ARCH = YES;
				PRODUCT_BUNDLE_IDENTIFIER = "com.brightdigit.speculid-example-ios.watchkitapp.watchkitextension";
				PRODUCT_NAME = "${TARGET_NAME}";
				SDKROOT = watchos;
				SKIP_INSTALL = YES;
				SWIFT_ACTIVE_COMPILATION_CONDITIONS = DEBUG;
				SWIFT_OPTIMIZATION_LEVEL = "-Onone";
				SWIFT_VERSION = 3.0;
				TARGETED_DEVICE_FAMILY = 4;
				WATCHOS_DEPLOYMENT_TARGET = 2.0;
			};
			name = Debug;
		};
		B38F739E1DA2B38C008469FE /* Release */ = {
			isa = XCBuildConfiguration;
			buildSettings = {
				ALWAYS_SEARCH_USER_PATHS = NO;
				ASSETCATALOG_COMPILER_COMPLICATION_NAME = Complication;
				CLANG_ANALYZER_NONNULL = YES;
				CLANG_CXX_LANGUAGE_STANDARD = "gnu++0x";
				CLANG_CXX_LIBRARY = "libc++";
				CLANG_ENABLE_MODULES = YES;
				CLANG_ENABLE_OBJC_ARC = YES;
				CLANG_WARN_BOOL_CONVERSION = YES;
				CLANG_WARN_CONSTANT_CONVERSION = YES;
				CLANG_WARN_DIRECT_OBJC_ISA_USAGE = YES_ERROR;
				CLANG_WARN_DOCUMENTATION_COMMENTS = YES;
				CLANG_WARN_EMPTY_BODY = YES;
				CLANG_WARN_ENUM_CONVERSION = YES;
				CLANG_WARN_INFINITE_RECURSION = YES;
				CLANG_WARN_INT_CONVERSION = YES;
				CLANG_WARN_OBJC_ROOT_CLASS = YES_ERROR;
				CLANG_WARN_SUSPICIOUS_MOVES = YES;
				CLANG_WARN_UNREACHABLE_CODE = YES;
				CLANG_WARN__DUPLICATE_METHOD_MATCH = YES;
				COPY_PHASE_STRIP = NO;
				DEBUG_INFORMATION_FORMAT = "dwarf-with-dsym";
				DEVELOPMENT_TEAM = MLT7M394S7;
				ENABLE_NS_ASSERTIONS = NO;
				ENABLE_STRICT_OBJC_MSGSEND = YES;
				GCC_C_LANGUAGE_STANDARD = gnu99;
				GCC_NO_COMMON_BLOCKS = YES;
				GCC_WARN_64_TO_32_BIT_CONVERSION = YES;
				GCC_WARN_ABOUT_RETURN_TYPE = YES_ERROR;
				GCC_WARN_UNDECLARED_SELECTOR = YES;
				GCC_WARN_UNINITIALIZED_AUTOS = YES_AGGRESSIVE;
				GCC_WARN_UNUSED_FUNCTION = YES;
				GCC_WARN_UNUSED_VARIABLE = YES;
				INFOPLIST_FILE = "$(SRCROOT)/watchos/extension/Info.plist";
				LD_RUNPATH_SEARCH_PATHS = "$(inherited) @executable_path/Frameworks @executable_path/../../Frameworks";
				MTL_ENABLE_DEBUG_INFO = NO;
				PRODUCT_BUNDLE_IDENTIFIER = "com.brightdigit.speculid-example-ios.watchkitapp.watchkitextension";
				PRODUCT_NAME = "${TARGET_NAME}";
				SDKROOT = watchos;
				SKIP_INSTALL = YES;
				SWIFT_OPTIMIZATION_LEVEL = "-Owholemodule";
				SWIFT_VERSION = 3.0;
				TARGETED_DEVICE_FAMILY = 4;
				VALIDATE_PRODUCT = YES;
				WATCHOS_DEPLOYMENT_TARGET = 2.0;
			};
			name = Release;
		};
		B38F73A11DA2B38C008469FE /* Debug */ = {
			isa = XCBuildConfiguration;
			buildSettings = {
				ALWAYS_EMBED_SWIFT_STANDARD_LIBRARIES = YES;
				ALWAYS_SEARCH_USER_PATHS = NO;
				ASSETCATALOG_COMPILER_APPICON_NAME = "watchOS AppIcon";
				CLANG_ANALYZER_NONNULL = YES;
				CLANG_CXX_LANGUAGE_STANDARD = "gnu++0x";
				CLANG_CXX_LIBRARY = "libc++";
				CLANG_ENABLE_MODULES = YES;
				CLANG_ENABLE_OBJC_ARC = YES;
				CLANG_WARN_BOOL_CONVERSION = YES;
				CLANG_WARN_CONSTANT_CONVERSION = YES;
				CLANG_WARN_DIRECT_OBJC_ISA_USAGE = YES_ERROR;
				CLANG_WARN_DOCUMENTATION_COMMENTS = YES;
				CLANG_WARN_EMPTY_BODY = YES;
				CLANG_WARN_ENUM_CONVERSION = YES;
				CLANG_WARN_INFINITE_RECURSION = YES;
				CLANG_WARN_INT_CONVERSION = YES;
				CLANG_WARN_OBJC_ROOT_CLASS = YES_ERROR;
				CLANG_WARN_SUSPICIOUS_MOVES = YES;
				CLANG_WARN_UNREACHABLE_CODE = YES;
				CLANG_WARN__DUPLICATE_METHOD_MATCH = YES;
				COPY_PHASE_STRIP = NO;
				DEBUG_INFORMATION_FORMAT = dwarf;
				DEVELOPMENT_TEAM = MLT7M394S7;
				ENABLE_STRICT_OBJC_MSGSEND = YES;
				ENABLE_TESTABILITY = YES;
				GCC_C_LANGUAGE_STANDARD = gnu99;
				GCC_DYNAMIC_NO_PIC = NO;
				GCC_NO_COMMON_BLOCKS = YES;
				GCC_OPTIMIZATION_LEVEL = 0;
				GCC_PREPROCESSOR_DEFINITIONS = (
					"DEBUG=1",
					"$(inherited)",
				);
				GCC_WARN_64_TO_32_BIT_CONVERSION = YES;
				GCC_WARN_ABOUT_RETURN_TYPE = YES_ERROR;
				GCC_WARN_UNDECLARED_SELECTOR = YES;
				GCC_WARN_UNINITIALIZED_AUTOS = YES_AGGRESSIVE;
				GCC_WARN_UNUSED_FUNCTION = YES;
				GCC_WARN_UNUSED_VARIABLE = YES;
				IBSC_MODULE = speculid_example_watchos_Extension;
				INFOPLIST_FILE = "$(SRCROOT)/watchos/application/Info.plist";
				MTL_ENABLE_DEBUG_INFO = YES;
				ONLY_ACTIVE_ARCH = YES;
				PRODUCT_BUNDLE_IDENTIFIER = "com.brightdigit.speculid-example-ios.watchkitapp";
				PRODUCT_NAME = "$(TARGET_NAME)";
				SDKROOT = watchos;
				SKIP_INSTALL = YES;
				SWIFT_ACTIVE_COMPILATION_CONDITIONS = DEBUG;
				SWIFT_OPTIMIZATION_LEVEL = "-Onone";
				SWIFT_VERSION = 3.0;
				TARGETED_DEVICE_FAMILY = 4;
				WATCHOS_DEPLOYMENT_TARGET = 2.0;
			};
			name = Debug;
		};
		B38F73A21DA2B38C008469FE /* Release */ = {
			isa = XCBuildConfiguration;
			buildSettings = {
				ALWAYS_EMBED_SWIFT_STANDARD_LIBRARIES = YES;
				ALWAYS_SEARCH_USER_PATHS = NO;
				ASSETCATALOG_COMPILER_APPICON_NAME = "watchOS AppIcon";
				CLANG_ANALYZER_NONNULL = YES;
				CLANG_CXX_LANGUAGE_STANDARD = "gnu++0x";
				CLANG_CXX_LIBRARY = "libc++";
				CLANG_ENABLE_MODULES = YES;
				CLANG_ENABLE_OBJC_ARC = YES;
				CLANG_WARN_BOOL_CONVERSION = YES;
				CLANG_WARN_CONSTANT_CONVERSION = YES;
				CLANG_WARN_DIRECT_OBJC_ISA_USAGE = YES_ERROR;
				CLANG_WARN_DOCUMENTATION_COMMENTS = YES;
				CLANG_WARN_EMPTY_BODY = YES;
				CLANG_WARN_ENUM_CONVERSION = YES;
				CLANG_WARN_INFINITE_RECURSION = YES;
				CLANG_WARN_INT_CONVERSION = YES;
				CLANG_WARN_OBJC_ROOT_CLASS = YES_ERROR;
				CLANG_WARN_SUSPICIOUS_MOVES = YES;
				CLANG_WARN_UNREACHABLE_CODE = YES;
				CLANG_WARN__DUPLICATE_METHOD_MATCH = YES;
				COPY_PHASE_STRIP = NO;
				DEBUG_INFORMATION_FORMAT = "dwarf-with-dsym";
				DEVELOPMENT_TEAM = MLT7M394S7;
				ENABLE_NS_ASSERTIONS = NO;
				ENABLE_STRICT_OBJC_MSGSEND = YES;
				GCC_C_LANGUAGE_STANDARD = gnu99;
				GCC_NO_COMMON_BLOCKS = YES;
				GCC_WARN_64_TO_32_BIT_CONVERSION = YES;
				GCC_WARN_ABOUT_RETURN_TYPE = YES_ERROR;
				GCC_WARN_UNDECLARED_SELECTOR = YES;
				GCC_WARN_UNINITIALIZED_AUTOS = YES_AGGRESSIVE;
				GCC_WARN_UNUSED_FUNCTION = YES;
				GCC_WARN_UNUSED_VARIABLE = YES;
				IBSC_MODULE = speculid_example_watchos_Extension;
				INFOPLIST_FILE = "$(SRCROOT)/watchos/application/Info.plist";
				MTL_ENABLE_DEBUG_INFO = NO;
				PRODUCT_BUNDLE_IDENTIFIER = "com.brightdigit.speculid-example-ios.watchkitapp";
				PRODUCT_NAME = "$(TARGET_NAME)";
				SDKROOT = watchos;
				SKIP_INSTALL = YES;
				SWIFT_OPTIMIZATION_LEVEL = "-Owholemodule";
				SWIFT_VERSION = 3.0;
				TARGETED_DEVICE_FAMILY = 4;
				VALIDATE_PRODUCT = YES;
				WATCHOS_DEPLOYMENT_TARGET = 2.0;
			};
			name = Release;
		};
		B38F73C81DA2B3AE008469FE /* Debug */ = {
			isa = XCBuildConfiguration;
			buildSettings = {
				ALWAYS_SEARCH_USER_PATHS = NO;
				ASSETCATALOG_COMPILER_APPICON_NAME = "tvOS App Icon & Top Shelf Image";
				ASSETCATALOG_COMPILER_LAUNCHIMAGE_NAME = "tvOS LaunchImage";
				CLANG_ANALYZER_NONNULL = YES;
				CLANG_CXX_LANGUAGE_STANDARD = "gnu++0x";
				CLANG_CXX_LIBRARY = "libc++";
				CLANG_ENABLE_MODULES = YES;
				CLANG_ENABLE_OBJC_ARC = YES;
				CLANG_WARN_BOOL_CONVERSION = YES;
				CLANG_WARN_CONSTANT_CONVERSION = YES;
				CLANG_WARN_DIRECT_OBJC_ISA_USAGE = YES_ERROR;
				CLANG_WARN_DOCUMENTATION_COMMENTS = YES;
				CLANG_WARN_EMPTY_BODY = YES;
				CLANG_WARN_ENUM_CONVERSION = YES;
				CLANG_WARN_INFINITE_RECURSION = YES;
				CLANG_WARN_INT_CONVERSION = YES;
				CLANG_WARN_OBJC_ROOT_CLASS = YES_ERROR;
				CLANG_WARN_SUSPICIOUS_MOVES = YES;
				CLANG_WARN_UNREACHABLE_CODE = YES;
				CLANG_WARN__DUPLICATE_METHOD_MATCH = YES;
				CODE_SIGN_IDENTITY = "";
				COPY_PHASE_STRIP = NO;
				DEBUG_INFORMATION_FORMAT = dwarf;
				ENABLE_STRICT_OBJC_MSGSEND = YES;
				ENABLE_TESTABILITY = YES;
				GCC_C_LANGUAGE_STANDARD = gnu99;
				GCC_DYNAMIC_NO_PIC = NO;
				GCC_NO_COMMON_BLOCKS = YES;
				GCC_OPTIMIZATION_LEVEL = 0;
				GCC_PREPROCESSOR_DEFINITIONS = (
					"DEBUG=1",
					"$(inherited)",
				);
				GCC_WARN_64_TO_32_BIT_CONVERSION = YES;
				GCC_WARN_ABOUT_RETURN_TYPE = YES_ERROR;
				GCC_WARN_UNDECLARED_SELECTOR = YES;
				GCC_WARN_UNINITIALIZED_AUTOS = YES_AGGRESSIVE;
				GCC_WARN_UNUSED_FUNCTION = YES;
				GCC_WARN_UNUSED_VARIABLE = YES;
				INFOPLIST_FILE = "$(SRCROOT)/tvos/Info.plist";
				LD_RUNPATH_SEARCH_PATHS = "$(inherited) @executable_path/Frameworks";
				MTL_ENABLE_DEBUG_INFO = YES;
				ONLY_ACTIVE_ARCH = YES;
				PRODUCT_BUNDLE_IDENTIFIER = "com.brightdigit.speculid-example-tvos";
				PRODUCT_NAME = "$(TARGET_NAME)";
				SDKROOT = appletvos;
				SWIFT_ACTIVE_COMPILATION_CONDITIONS = DEBUG;
				SWIFT_OPTIMIZATION_LEVEL = "-Onone";
				SWIFT_VERSION = 3.0;
				TARGETED_DEVICE_FAMILY = 3;
				TVOS_DEPLOYMENT_TARGET = 9.0;
			};
			name = Debug;
		};
		B38F73C91DA2B3AE008469FE /* Release */ = {
			isa = XCBuildConfiguration;
			buildSettings = {
				ALWAYS_SEARCH_USER_PATHS = NO;
				ASSETCATALOG_COMPILER_APPICON_NAME = "tvOS App Icon & Top Shelf Image";
				ASSETCATALOG_COMPILER_LAUNCHIMAGE_NAME = "tvOS LaunchImage";
				CLANG_ANALYZER_NONNULL = YES;
				CLANG_CXX_LANGUAGE_STANDARD = "gnu++0x";
				CLANG_CXX_LIBRARY = "libc++";
				CLANG_ENABLE_MODULES = YES;
				CLANG_ENABLE_OBJC_ARC = YES;
				CLANG_WARN_BOOL_CONVERSION = YES;
				CLANG_WARN_CONSTANT_CONVERSION = YES;
				CLANG_WARN_DIRECT_OBJC_ISA_USAGE = YES_ERROR;
				CLANG_WARN_DOCUMENTATION_COMMENTS = YES;
				CLANG_WARN_EMPTY_BODY = YES;
				CLANG_WARN_ENUM_CONVERSION = YES;
				CLANG_WARN_INFINITE_RECURSION = YES;
				CLANG_WARN_INT_CONVERSION = YES;
				CLANG_WARN_OBJC_ROOT_CLASS = YES_ERROR;
				CLANG_WARN_SUSPICIOUS_MOVES = YES;
				CLANG_WARN_UNREACHABLE_CODE = YES;
				CLANG_WARN__DUPLICATE_METHOD_MATCH = YES;
				CODE_SIGN_IDENTITY = "";
				COPY_PHASE_STRIP = NO;
				DEBUG_INFORMATION_FORMAT = "dwarf-with-dsym";
				ENABLE_NS_ASSERTIONS = NO;
				ENABLE_STRICT_OBJC_MSGSEND = YES;
				GCC_C_LANGUAGE_STANDARD = gnu99;
				GCC_NO_COMMON_BLOCKS = YES;
				GCC_WARN_64_TO_32_BIT_CONVERSION = YES;
				GCC_WARN_ABOUT_RETURN_TYPE = YES_ERROR;
				GCC_WARN_UNDECLARED_SELECTOR = YES;
				GCC_WARN_UNINITIALIZED_AUTOS = YES_AGGRESSIVE;
				GCC_WARN_UNUSED_FUNCTION = YES;
				GCC_WARN_UNUSED_VARIABLE = YES;
				INFOPLIST_FILE = "$(SRCROOT)/tvos/Info.plist";
				LD_RUNPATH_SEARCH_PATHS = "$(inherited) @executable_path/Frameworks";
				MTL_ENABLE_DEBUG_INFO = NO;
				PRODUCT_BUNDLE_IDENTIFIER = "com.brightdigit.speculid-example-tvos";
				PRODUCT_NAME = "$(TARGET_NAME)";
				SDKROOT = appletvos;
				SWIFT_OPTIMIZATION_LEVEL = "-Owholemodule";
				SWIFT_VERSION = 3.0;
				TARGETED_DEVICE_FAMILY = 3;
				TVOS_DEPLOYMENT_TARGET = 9.0;
				VALIDATE_PRODUCT = YES;
			};
			name = Release;
		};
/* End XCBuildConfiguration section */

/* Begin XCConfigurationList section */
		B38DDF1A1DA2DF0D005AA837 /* Build configuration list for PBXAggregateTarget "speculid" */ = {
			isa = XCConfigurationList;
			buildConfigurations = (
				B38DDF181DA2DF0D005AA837 /* Debug */,
				B38DDF191DA2DF0D005AA837 /* Release */,
			);
			defaultConfigurationIsVisible = 0;
		};
		B38DDF1F1DA2E339005AA837 /* Build configuration list for PBXAggregateTarget "assets" */ = {
			isa = XCConfigurationList;
			buildConfigurations = (
				B38DDF201DA2E339005AA837 /* Debug */,
				B38DDF211DA2E339005AA837 /* Release */,
			);
			defaultConfigurationIsVisible = 0;
		};
		B38DDF261DA2E3E3005AA837 /* Build configuration list for PBXAggregateTarget "examples" */ = {
			isa = XCConfigurationList;
			buildConfigurations = (
				B38DDF271DA2E3E3005AA837 /* Debug */,
				B38DDF281DA2E3E3005AA837 /* Release */,
			);
			defaultConfigurationIsVisible = 0;
		};
		B38F73541DA2AF53008469FE /* Build configuration list for PBXProject "examples" */ = {
			isa = XCConfigurationList;
			buildConfigurations = (
				B38F73551DA2AF53008469FE /* Debug */,
				B38F73561DA2AF53008469FE /* Release */,
			);
			defaultConfigurationIsVisible = 0;
			defaultConfigurationName = Release;
		};
		B38F73661DA2B358008469FE /* Build configuration list for PBXNativeTarget "speculid-example-macos" */ = {
			isa = XCConfigurationList;
			buildConfigurations = (
				B38F73671DA2B358008469FE /* Debug */,
				B38F73681DA2B358008469FE /* Release */,
			);
			defaultConfigurationIsVisible = 0;
			defaultConfigurationName = Release;
		};
		B38F737C1DA2B37B008469FE /* Build configuration list for PBXNativeTarget "speculid-example-ios" */ = {
			isa = XCConfigurationList;
			buildConfigurations = (
				B38F737D1DA2B37B008469FE /* Debug */,
				B38F737E1DA2B37B008469FE /* Release */,
			);
			defaultConfigurationIsVisible = 0;
			defaultConfigurationName = Release;
		};
		B38F739C1DA2B38C008469FE /* Build configuration list for PBXNativeTarget "speculid-example-watchos Extension" */ = {
			isa = XCConfigurationList;
			buildConfigurations = (
				B38F739D1DA2B38C008469FE /* Debug */,
				B38F739E1DA2B38C008469FE /* Release */,
			);
			defaultConfigurationIsVisible = 0;
			defaultConfigurationName = Release;
		};
		B38F73A01DA2B38C008469FE /* Build configuration list for PBXNativeTarget "speculid-example-watchos" */ = {
			isa = XCConfigurationList;
			buildConfigurations = (
				B38F73A11DA2B38C008469FE /* Debug */,
				B38F73A21DA2B38C008469FE /* Release */,
			);
			defaultConfigurationIsVisible = 0;
			defaultConfigurationName = Release;
		};
		B38F73C71DA2B3AE008469FE /* Build configuration list for PBXNativeTarget "speculid-example-tvos" */ = {
			isa = XCConfigurationList;
			buildConfigurations = (
				B38F73C81DA2B3AE008469FE /* Debug */,
				B38F73C91DA2B3AE008469FE /* Release */,
			);
			defaultConfigurationIsVisible = 0;
			defaultConfigurationName = Release;
		};
/* End XCConfigurationList section */
	};
	rootObject = B38F73511DA2AF53008469FE /* Project object */;
}
